// !$*UTF8*$!
{
	archiveVersion = 1;
	classes = {
	};
	objectVersion = 46;
	objects = {

/* Begin PBXBuildFile section */
		FF5B76EB1BD0CC9F00B90C19 /* libEaseMobClientSDK.a in Frameworks */ = {isa = PBXBuildFile; fileRef = FF5B76E71BD0CC9F00B90C19 /* libEaseMobClientSDK.a */; settings = {ASSET_TAGS = (); }; };
		FF5B76ED1BD0CC9F00B90C19 /* EaseMob.bundle in Resources */ = {isa = PBXBuildFile; fileRef = FF5B76EA1BD0CC9F00B90C19 /* EaseMob.bundle */; settings = {ASSET_TAGS = (); }; };
		FF5B76EF1BD0CCCA00B90C19 /* libresolv.tbd in Frameworks */ = {isa = PBXBuildFile; fileRef = FF5B76EE1BD0CCCA00B90C19 /* libresolv.tbd */; };
		FF5B76F11BD0CCD200B90C19 /* libiconv.tbd in Frameworks */ = {isa = PBXBuildFile; fileRef = FF5B76F01BD0CCD200B90C19 /* libiconv.tbd */; };
		FF5B76F31BD0CCDA00B90C19 /* libxml2.tbd in Frameworks */ = {isa = PBXBuildFile; fileRef = FF5B76F21BD0CCDA00B90C19 /* libxml2.tbd */; };
		FF5B76F51BD0CCE400B90C19 /* libsqlite3.tbd in Frameworks */ = {isa = PBXBuildFile; fileRef = FF5B76F41BD0CCE400B90C19 /* libsqlite3.tbd */; };
		FF5B76F71BD0CCED00B90C19 /* libstdc++.6.0.9.tbd in Frameworks */ = {isa = PBXBuildFile; fileRef = FF5B76F61BD0CCED00B90C19 /* libstdc++.6.0.9.tbd */; };
		FF5B76F91BD0CD0B00B90C19 /* CFNetwork.framework in Frameworks */ = {isa = PBXBuildFile; fileRef = FF5B76F81BD0CD0B00B90C19 /* CFNetwork.framework */; };
		FF5B76FB1BD0CD1200B90C19 /* MobileCoreServices.framework in Frameworks */ = {isa = PBXBuildFile; fileRef = FF5B76FA1BD0CD1200B90C19 /* MobileCoreServices.framework */; };
		FF5B76FD1BD0CD1800B90C19 /* CoreGraphics.framework in Frameworks */ = {isa = PBXBuildFile; fileRef = FF5B76FC1BD0CD1800B90C19 /* CoreGraphics.framework */; };
		FF5B76FF1BD0CD2600B90C19 /* QuartzCore.framework in Frameworks */ = {isa = PBXBuildFile; fileRef = FF5B76FE1BD0CD2600B90C19 /* QuartzCore.framework */; };
		FF5B77011BD0CD2D00B90C19 /* AddressBook.framework in Frameworks */ = {isa = PBXBuildFile; fileRef = FF5B77001BD0CD2D00B90C19 /* AddressBook.framework */; };
		FF5B77031BD0CD3500B90C19 /* CoreLocation.framework in Frameworks */ = {isa = PBXBuildFile; fileRef = FF5B77021BD0CD3500B90C19 /* CoreLocation.framework */; };
		FF5B77051BD0CD6900B90C19 /* UIKit.framework in Frameworks */ = {isa = PBXBuildFile; fileRef = FF5B77041BD0CD6900B90C19 /* UIKit.framework */; };
		FF5B77071BD0CD7100B90C19 /* AudioToolbox.framework in Frameworks */ = {isa = PBXBuildFile; fileRef = FF5B77061BD0CD7100B90C19 /* AudioToolbox.framework */; };
		FF5B77091BD0CD7800B90C19 /* CoreTelephony.framework in Frameworks */ = {isa = PBXBuildFile; fileRef = FF5B77081BD0CD7800B90C19 /* CoreTelephony.framework */; };
		FF5B770B1BD0CD8000B90C19 /* Foundation.framework in Frameworks */ = {isa = PBXBuildFile; fileRef = FF5B770A1BD0CD8000B90C19 /* Foundation.framework */; };
		FF5B770D1BD0CD8A00B90C19 /* SystemConfiguration.framework in Frameworks */ = {isa = PBXBuildFile; fileRef = FF5B770C1BD0CD8A00B90C19 /* SystemConfiguration.framework */; };
		FF5B770F1BD0CD9000B90C19 /* AVFoundation.framework in Frameworks */ = {isa = PBXBuildFile; fileRef = FF5B770E1BD0CD9000B90C19 /* AVFoundation.framework */; };
		FF5B77111BD0CD9600B90C19 /* libz.tbd in Frameworks */ = {isa = PBXBuildFile; fileRef = FF5B77101BD0CD9600B90C19 /* libz.tbd */; };
		FF61E4021BC7F8110000441C /* AppDelegate.swift in Sources */ = {isa = PBXBuildFile; fileRef = FF61E4011BC7F8110000441C /* AppDelegate.swift */; };
		FF61E4041BC7F8110000441C /* ViewController.swift in Sources */ = {isa = PBXBuildFile; fileRef = FF61E4031BC7F8110000441C /* ViewController.swift */; };
		FF61E4071BC7F8110000441C /* Main.storyboard in Resources */ = {isa = PBXBuildFile; fileRef = FF61E4051BC7F8110000441C /* Main.storyboard */; };
		FF61E4091BC7F8110000441C /* Assets.xcassets in Resources */ = {isa = PBXBuildFile; fileRef = FF61E4081BC7F8110000441C /* Assets.xcassets */; };
		FF61E40C1BC7F8110000441C /* LaunchScreen.storyboard in Resources */ = {isa = PBXBuildFile; fileRef = FF61E40A1BC7F8110000441C /* LaunchScreen.storyboard */; };
		FF61E4171BC7F8110000441C /* _cTests.swift in Sources */ = {isa = PBXBuildFile; fileRef = FF61E4161BC7F8110000441C /* _cTests.swift */; };
		FF61E4221BC7F8110000441C /* _cUITests.swift in Sources */ = {isa = PBXBuildFile; fileRef = FF61E4211BC7F8110000441C /* _cUITests.swift */; };
/* End PBXBuildFile section */

/* Begin PBXContainerItemProxy section */
		FF61E4131BC7F8110000441C /* PBXContainerItemProxy */ = {
			isa = PBXContainerItemProxy;
			containerPortal = FF61E3F61BC7F8110000441C /* Project object */;
			proxyType = 1;
			remoteGlobalIDString = FF61E3FD1BC7F8110000441C;
			remoteInfo = 3c;
		};
		FF61E41E1BC7F8110000441C /* PBXContainerItemProxy */ = {
			isa = PBXContainerItemProxy;
			containerPortal = FF61E3F61BC7F8110000441C /* Project object */;
			proxyType = 1;
			remoteGlobalIDString = FF61E3FD1BC7F8110000441C;
			remoteInfo = 3c;
		};
/* End PBXContainerItemProxy section */

/* Begin PBXFileReference section */
		FF5B76821BD0CC9F00B90C19 /* EMCallManagerCallDelegate.h */ = {isa = PBXFileReference; fileEncoding = 4; lastKnownFileType = sourcecode.c.h; path = EMCallManagerCallDelegate.h; sourceTree = "<group>"; };
		FF5B76831BD0CC9F00B90C19 /* EMCallManagerDelegate.h */ = {isa = PBXFileReference; fileEncoding = 4; lastKnownFileType = sourcecode.c.h; path = EMCallManagerDelegate.h; sourceTree = "<group>"; };
		FF5B76841BD0CC9F00B90C19 /* EaseMob+CallService.h */ = {isa = PBXFileReference; fileEncoding = 4; lastKnownFileType = sourcecode.c.h; path = "EaseMob+CallService.h"; sourceTree = "<group>"; };
		FF5B76851BD0CC9F00B90C19 /* EMCallServiceDefs.h */ = {isa = PBXFileReference; fileEncoding = 4; lastKnownFileType = sourcecode.c.h; path = EMCallServiceDefs.h; sourceTree = "<group>"; };
		FF5B76861BD0CC9F00B90C19 /* ICallManager.h */ = {isa = PBXFileReference; fileEncoding = 4; lastKnownFileType = sourcecode.c.h; path = ICallManager.h; sourceTree = "<group>"; };
		FF5B76881BD0CC9F00B90C19 /* ICallManagerBase.h */ = {isa = PBXFileReference; fileEncoding = 4; lastKnownFileType = sourcecode.c.h; path = ICallManagerBase.h; sourceTree = "<group>"; };
		FF5B76891BD0CC9F00B90C19 /* ICallManagerCall.h */ = {isa = PBXFileReference; fileEncoding = 4; lastKnownFileType = sourcecode.c.h; path = ICallManagerCall.h; sourceTree = "<group>"; };
		FF5B768B1BD0CC9F00B90C19 /* EMCallSession.h */ = {isa = PBXFileReference; fileEncoding = 4; lastKnownFileType = sourcecode.c.h; path = EMCallSession.h; sourceTree = "<group>"; };
		FF5B768C1BD0CC9F00B90C19 /* IOpenGLView.h */ = {isa = PBXFileReference; fileEncoding = 4; lastKnownFileType = sourcecode.c.h; path = IOpenGLView.h; sourceTree = "<group>"; };
		FF5B768D1BD0CC9F00B90C19 /* OpenGLView20.h */ = {isa = PBXFileReference; fileEncoding = 4; lastKnownFileType = sourcecode.c.h; path = OpenGLView20.h; sourceTree = "<group>"; };
		FF5B76911BD0CC9F00B90C19 /* IChatManagerDelegate.h */ = {isa = PBXFileReference; fileEncoding = 4; lastKnownFileType = sourcecode.c.h; path = IChatManagerDelegate.h; sourceTree = "<group>"; };
		FF5B76931BD0CC9F00B90C19 /* EMChatManagerBuddyDelegate.h */ = {isa = PBXFileReference; fileEncoding = 4; lastKnownFileType = sourcecode.c.h; path = EMChatManagerBuddyDelegate.h; sourceTree = "<group>"; };
		FF5B76941BD0CC9F00B90C19 /* EMChatManagerChatDelegate.h */ = {isa = PBXFileReference; fileEncoding = 4; lastKnownFileType = sourcecode.c.h; path = EMChatManagerChatDelegate.h; sourceTree = "<group>"; };
		FF5B76951BD0CC9F00B90C19 /* EMChatManagerChatroomDelegate.h */ = {isa = PBXFileReference; fileEncoding = 4; lastKnownFileType = sourcecode.c.h; path = EMChatManagerChatroomDelegate.h; sourceTree = "<group>"; };
		FF5B76961BD0CC9F00B90C19 /* EMChatManagerDelegate.h */ = {isa = PBXFileReference; fileEncoding = 4; lastKnownFileType = sourcecode.c.h; path = EMChatManagerDelegate.h; sourceTree = "<group>"; };
		FF5B76971BD0CC9F00B90C19 /* EMChatManagerDelegateBase.h */ = {isa = PBXFileReference; fileEncoding = 4; lastKnownFileType = sourcecode.c.h; path = EMChatManagerDelegateBase.h; sourceTree = "<group>"; };
		FF5B76981BD0CC9F00B90C19 /* EMChatManagerEncryptionDelegate.h */ = {isa = PBXFileReference; fileEncoding = 4; lastKnownFileType = sourcecode.c.h; path = EMChatManagerEncryptionDelegate.h; sourceTree = "<group>"; };
		FF5B76991BD0CC9F00B90C19 /* EMChatManagerGroupDelegate.h */ = {isa = PBXFileReference; fileEncoding = 4; lastKnownFileType = sourcecode.c.h; path = EMChatManagerGroupDelegate.h; sourceTree = "<group>"; };
		FF5B769A1BD0CC9F00B90C19 /* EMChatManagerLoginDelegate.h */ = {isa = PBXFileReference; fileEncoding = 4; lastKnownFileType = sourcecode.c.h; path = EMChatManagerLoginDelegate.h; sourceTree = "<group>"; };
		FF5B769B1BD0CC9F00B90C19 /* EMChatManagerPushNotificationDelegate.h */ = {isa = PBXFileReference; fileEncoding = 4; lastKnownFileType = sourcecode.c.h; path = EMChatManagerPushNotificationDelegate.h; sourceTree = "<group>"; };
		FF5B769C1BD0CC9F00B90C19 /* EMChatManagerUtilDelegate.h */ = {isa = PBXFileReference; fileEncoding = 4; lastKnownFileType = sourcecode.c.h; path = EMChatManagerUtilDelegate.h; sourceTree = "<group>"; };
		FF5B769D1BD0CC9F00B90C19 /* EMChatManagerDefs.h */ = {isa = PBXFileReference; fileEncoding = 4; lastKnownFileType = sourcecode.c.h; path = EMChatManagerDefs.h; sourceTree = "<group>"; };
		FF5B769E1BD0CC9F00B90C19 /* EMGroupManagerDefs.h */ = {isa = PBXFileReference; fileEncoding = 4; lastKnownFileType = sourcecode.c.h; path = EMGroupManagerDefs.h; sourceTree = "<group>"; };
		FF5B769F1BD0CC9F00B90C19 /* EMPushManagerDefs.h */ = {isa = PBXFileReference; fileEncoding = 4; lastKnownFileType = sourcecode.c.h; path = EMPushManagerDefs.h; sourceTree = "<group>"; };
		FF5B76A01BD0CC9F00B90C19 /* IChatManager.h */ = {isa = PBXFileReference; fileEncoding = 4; lastKnownFileType = sourcecode.c.h; path = IChatManager.h; sourceTree = "<group>"; };
		FF5B76A21BD0CC9F00B90C19 /* IChatManagerBase.h */ = {isa = PBXFileReference; fileEncoding = 4; lastKnownFileType = sourcecode.c.h; path = IChatManagerBase.h; sourceTree = "<group>"; };
		FF5B76A31BD0CC9F00B90C19 /* IChatManagerBuddy.h */ = {isa = PBXFileReference; fileEncoding = 4; lastKnownFileType = sourcecode.c.h; path = IChatManagerBuddy.h; sourceTree = "<group>"; };
		FF5B76A41BD0CC9F00B90C19 /* IChatManagerChat.h */ = {isa = PBXFileReference; fileEncoding = 4; lastKnownFileType = sourcecode.c.h; path = IChatManagerChat.h; sourceTree = "<group>"; };
		FF5B76A51BD0CC9F00B90C19 /* IChatManagerChatroom.h */ = {isa = PBXFileReference; fileEncoding = 4; lastKnownFileType = sourcecode.c.h; path = IChatManagerChatroom.h; sourceTree = "<group>"; };
		FF5B76A61BD0CC9F00B90C19 /* IChatManagerConversation.h */ = {isa = PBXFileReference; fileEncoding = 4; lastKnownFileType = sourcecode.c.h; path = IChatManagerConversation.h; sourceTree = "<group>"; };
		FF5B76A71BD0CC9F00B90C19 /* IChatManagerEncryption.h */ = {isa = PBXFileReference; fileEncoding = 4; lastKnownFileType = sourcecode.c.h; path = IChatManagerEncryption.h; sourceTree = "<group>"; };
		FF5B76A81BD0CC9F00B90C19 /* IChatManagerGroup.h */ = {isa = PBXFileReference; fileEncoding = 4; lastKnownFileType = sourcecode.c.h; path = IChatManagerGroup.h; sourceTree = "<group>"; };
		FF5B76A91BD0CC9F00B90C19 /* IChatManagerLogin.h */ = {isa = PBXFileReference; fileEncoding = 4; lastKnownFileType = sourcecode.c.h; path = IChatManagerLogin.h; sourceTree = "<group>"; };
		FF5B76AA1BD0CC9F00B90C19 /* IChatManagerPushNotification.h */ = {isa = PBXFileReference; fileEncoding = 4; lastKnownFileType = sourcecode.c.h; path = IChatManagerPushNotification.h; sourceTree = "<group>"; };
		FF5B76AB1BD0CC9F00B90C19 /* IChatManagerRobot.h */ = {isa = PBXFileReference; fileEncoding = 4; lastKnownFileType = sourcecode.c.h; path = IChatManagerRobot.h; sourceTree = "<group>"; };
		FF5B76AC1BD0CC9F00B90C19 /* IChatManagerSettingOptions.h */ = {isa = PBXFileReference; fileEncoding = 4; lastKnownFileType = sourcecode.c.h; path = IChatManagerSettingOptions.h; sourceTree = "<group>"; };
		FF5B76AD1BD0CC9F00B90C19 /* IChatManagerUtil.h */ = {isa = PBXFileReference; fileEncoding = 4; lastKnownFileType = sourcecode.c.h; path = IChatManagerUtil.h; sourceTree = "<group>"; };
		FF5B76AF1BD0CC9F00B90C19 /* EMBuddy.h */ = {isa = PBXFileReference; fileEncoding = 4; lastKnownFileType = sourcecode.c.h; path = EMBuddy.h; sourceTree = "<group>"; };
		FF5B76B01BD0CC9F00B90C19 /* EMChatCommand.h */ = {isa = PBXFileReference; fileEncoding = 4; lastKnownFileType = sourcecode.c.h; path = EMChatCommand.h; sourceTree = "<group>"; };
		FF5B76B11BD0CC9F00B90C19 /* EMChatFile.h */ = {isa = PBXFileReference; fileEncoding = 4; lastKnownFileType = sourcecode.c.h; path = EMChatFile.h; sourceTree = "<group>"; };
		FF5B76B21BD0CC9F00B90C19 /* EMChatImage.h */ = {isa = PBXFileReference; fileEncoding = 4; lastKnownFileType = sourcecode.c.h; path = EMChatImage.h; sourceTree = "<group>"; };
		FF5B76B31BD0CC9F00B90C19 /* EMChatLocation.h */ = {isa = PBXFileReference; fileEncoding = 4; lastKnownFileType = sourcecode.c.h; path = EMChatLocation.h; sourceTree = "<group>"; };
		FF5B76B41BD0CC9F00B90C19 /* EMChatroom.h */ = {isa = PBXFileReference; fileEncoding = 4; lastKnownFileType = sourcecode.c.h; path = EMChatroom.h; sourceTree = "<group>"; };
		FF5B76B51BD0CC9F00B90C19 /* EMChatText.h */ = {isa = PBXFileReference; fileEncoding = 4; lastKnownFileType = sourcecode.c.h; path = EMChatText.h; sourceTree = "<group>"; };
		FF5B76B61BD0CC9F00B90C19 /* EMChatVideo.h */ = {isa = PBXFileReference; fileEncoding = 4; lastKnownFileType = sourcecode.c.h; path = EMChatVideo.h; sourceTree = "<group>"; };
		FF5B76B71BD0CC9F00B90C19 /* EMChatVoice.h */ = {isa = PBXFileReference; fileEncoding = 4; lastKnownFileType = sourcecode.c.h; path = EMChatVoice.h; sourceTree = "<group>"; };
		FF5B76B81BD0CC9F00B90C19 /* EMCommandMessageBody.h */ = {isa = PBXFileReference; fileEncoding = 4; lastKnownFileType = sourcecode.c.h; path = EMCommandMessageBody.h; sourceTree = "<group>"; };
		FF5B76B91BD0CC9F00B90C19 /* EMConversation.h */ = {isa = PBXFileReference; fileEncoding = 4; lastKnownFileType = sourcecode.c.h; path = EMConversation.h; sourceTree = "<group>"; };
		FF5B76BA1BD0CC9F00B90C19 /* EMCursorResult.h */ = {isa = PBXFileReference; fileEncoding = 4; lastKnownFileType = sourcecode.c.h; path = EMCursorResult.h; sourceTree = "<group>"; };
		FF5B76BB1BD0CC9F00B90C19 /* EMFileMessageBody.h */ = {isa = PBXFileReference; fileEncoding = 4; lastKnownFileType = sourcecode.c.h; path = EMFileMessageBody.h; sourceTree = "<group>"; };
		FF5B76BC1BD0CC9F00B90C19 /* EMGroup.h */ = {isa = PBXFileReference; fileEncoding = 4; lastKnownFileType = sourcecode.c.h; path = EMGroup.h; sourceTree = "<group>"; };
		FF5B76BD1BD0CC9F00B90C19 /* EMGroupStyleSetting.h */ = {isa = PBXFileReference; fileEncoding = 4; lastKnownFileType = sourcecode.c.h; path = EMGroupStyleSetting.h; sourceTree = "<group>"; };
		FF5B76BE1BD0CC9F00B90C19 /* EMImageMessageBody.h */ = {isa = PBXFileReference; fileEncoding = 4; lastKnownFileType = sourcecode.c.h; path = EMImageMessageBody.h; sourceTree = "<group>"; };
		FF5B76BF1BD0CC9F00B90C19 /* EMLocationMessageBody.h */ = {isa = PBXFileReference; fileEncoding = 4; lastKnownFileType = sourcecode.c.h; path = EMLocationMessageBody.h; sourceTree = "<group>"; };
		FF5B76C01BD0CC9F00B90C19 /* EMMessage.h */ = {isa = PBXFileReference; fileEncoding = 4; lastKnownFileType = sourcecode.c.h; path = EMMessage.h; sourceTree = "<group>"; };
		FF5B76C11BD0CC9F00B90C19 /* EMPushNotificationOptions.h */ = {isa = PBXFileReference; fileEncoding = 4; lastKnownFileType = sourcecode.c.h; path = EMPushNotificationOptions.h; sourceTree = "<group>"; };
		FF5B76C21BD0CC9F00B90C19 /* EMReceipt.h */ = {isa = PBXFileReference; fileEncoding = 4; lastKnownFileType = sourcecode.c.h; path = EMReceipt.h; sourceTree = "<group>"; };
		FF5B76C31BD0CC9F00B90C19 /* EMReceiptBase.h */ = {isa = PBXFileReference; fileEncoding = 4; lastKnownFileType = sourcecode.c.h; path = EMReceiptBase.h; sourceTree = "<group>"; };
		FF5B76C41BD0CC9F00B90C19 /* EMRobot.h */ = {isa = PBXFileReference; fileEncoding = 4; lastKnownFileType = sourcecode.c.h; path = EMRobot.h; sourceTree = "<group>"; };
		FF5B76C51BD0CC9F00B90C19 /* EMTextMessageBody.h */ = {isa = PBXFileReference; fileEncoding = 4; lastKnownFileType = sourcecode.c.h; path = EMTextMessageBody.h; sourceTree = "<group>"; };
		FF5B76C61BD0CC9F00B90C19 /* EMVideoMessageBody.h */ = {isa = PBXFileReference; fileEncoding = 4; lastKnownFileType = sourcecode.c.h; path = EMVideoMessageBody.h; sourceTree = "<group>"; };
		FF5B76C71BD0CC9F00B90C19 /* EMVoiceMessageBody.h */ = {isa = PBXFileReference; fileEncoding = 4; lastKnownFileType = sourcecode.c.h; path = EMVoiceMessageBody.h; sourceTree = "<group>"; };
		FF5B76C81BD0CC9F00B90C19 /* IChatImageOptions.h */ = {isa = PBXFileReference; fileEncoding = 4; lastKnownFileType = sourcecode.c.h; path = IChatImageOptions.h; sourceTree = "<group>"; };
		FF5B76C91BD0CC9F00B90C19 /* IEMChatCryptor.h */ = {isa = PBXFileReference; fileEncoding = 4; lastKnownFileType = sourcecode.c.h; path = IEMChatCryptor.h; sourceTree = "<group>"; };
		FF5B76CA1BD0CC9F00B90C19 /* IEMChatFile.h */ = {isa = PBXFileReference; fileEncoding = 4; lastKnownFileType = sourcecode.c.h; path = IEMChatFile.h; sourceTree = "<group>"; };
		FF5B76CB1BD0CC9F00B90C19 /* IEMChatObject.h */ = {isa = PBXFileReference; fileEncoding = 4; lastKnownFileType = sourcecode.c.h; path = IEMChatObject.h; sourceTree = "<group>"; };
		FF5B76CC1BD0CC9F00B90C19 /* IEMChatProgressDelegate.h */ = {isa = PBXFileReference; fileEncoding = 4; lastKnownFileType = sourcecode.c.h; path = IEMChatProgressDelegate.h; sourceTree = "<group>"; };
		FF5B76CD1BD0CC9F00B90C19 /* IEMFileMessageBody.h */ = {isa = PBXFileReference; fileEncoding = 4; lastKnownFileType = sourcecode.c.h; path = IEMFileMessageBody.h; sourceTree = "<group>"; };
		FF5B76CE1BD0CC9F00B90C19 /* IEMMessageBody.h */ = {isa = PBXFileReference; fileEncoding = 4; lastKnownFileType = sourcecode.c.h; path = IEMMessageBody.h; sourceTree = "<group>"; };
		FF5B76D01BD0CC9F00B90C19 /* EaseMob.h */ = {isa = PBXFileReference; fileEncoding = 4; lastKnownFileType = sourcecode.c.h; path = EaseMob.h; sourceTree = "<group>"; };
		FF5B76D11BD0CC9F00B90C19 /* EaseMobHeaders.h */ = {isa = PBXFileReference; fileEncoding = 4; lastKnownFileType = sourcecode.c.h; path = EaseMobHeaders.h; sourceTree = "<group>"; };
		FF5B76D31BD0CC9F00B90C19 /* EaseMob.h */ = {isa = PBXFileReference; fileEncoding = 4; lastKnownFileType = sourcecode.c.h; path = EaseMob.h; sourceTree = "<group>"; };
		FF5B76D41BD0CC9F00B90C19 /* EaseMobHeaders.h */ = {isa = PBXFileReference; fileEncoding = 4; lastKnownFileType = sourcecode.c.h; path = EaseMobHeaders.h; sourceTree = "<group>"; };
		FF5B76D61BD0CC9F00B90C19 /* commonDefs.h */ = {isa = PBXFileReference; fileEncoding = 4; lastKnownFileType = sourcecode.c.h; path = commonDefs.h; sourceTree = "<group>"; };
		FF5B76D91BD0CC9F00B90C19 /* IDeviceManagerDelegate.h */ = {isa = PBXFileReference; fileEncoding = 4; lastKnownFileType = sourcecode.c.h; path = IDeviceManagerDelegate.h; sourceTree = "<group>"; };
		FF5B76DB1BD0CC9F00B90C19 /* EMDeviceManagerDelegate.h */ = {isa = PBXFileReference; fileEncoding = 4; lastKnownFileType = sourcecode.c.h; path = EMDeviceManagerDelegate.h; sourceTree = "<group>"; };
		FF5B76DC1BD0CC9F00B90C19 /* EMDeviceManagerDelegateBase.h */ = {isa = PBXFileReference; fileEncoding = 4; lastKnownFileType = sourcecode.c.h; path = EMDeviceManagerDelegateBase.h; sourceTree = "<group>"; };
		FF5B76DD1BD0CC9F00B90C19 /* EMDeviceManagerNetworkDelegate.h */ = {isa = PBXFileReference; fileEncoding = 4; lastKnownFileType = sourcecode.c.h; path = EMDeviceManagerNetworkDelegate.h; sourceTree = "<group>"; };
		FF5B76DE1BD0CC9F00B90C19 /* EMDeviceManagerDefs.h */ = {isa = PBXFileReference; fileEncoding = 4; lastKnownFileType = sourcecode.c.h; path = EMDeviceManagerDefs.h; sourceTree = "<group>"; };
		FF5B76DF1BD0CC9F00B90C19 /* IDeviceManager.h */ = {isa = PBXFileReference; fileEncoding = 4; lastKnownFileType = sourcecode.c.h; path = IDeviceManager.h; sourceTree = "<group>"; };
		FF5B76E11BD0CC9F00B90C19 /* IDeviceManagerBase.h */ = {isa = PBXFileReference; fileEncoding = 4; lastKnownFileType = sourcecode.c.h; path = IDeviceManagerBase.h; sourceTree = "<group>"; };
		FF5B76E21BD0CC9F00B90C19 /* EMNetworkMonitorDefs.h */ = {isa = PBXFileReference; fileEncoding = 4; lastKnownFileType = sourcecode.c.h; path = EMNetworkMonitorDefs.h; sourceTree = "<group>"; };
		FF5B76E41BD0CC9F00B90C19 /* EMError.h */ = {isa = PBXFileReference; fileEncoding = 4; lastKnownFileType = sourcecode.c.h; path = EMError.h; sourceTree = "<group>"; };
		FF5B76E51BD0CC9F00B90C19 /* EMErrorDefs.h */ = {isa = PBXFileReference; fileEncoding = 4; lastKnownFileType = sourcecode.c.h; path = EMErrorDefs.h; sourceTree = "<group>"; };
		FF5B76E71BD0CC9F00B90C19 /* libEaseMobClientSDK.a */ = {isa = PBXFileReference; lastKnownFileType = archive.ar; path = libEaseMobClientSDK.a; sourceTree = "<group>"; };
		FF5B76E81BD0CC9F00B90C19 /* libEaseMobClientSDKLite.a */ = {isa = PBXFileReference; lastKnownFileType = archive.ar; path = libEaseMobClientSDKLite.a; sourceTree = "<group>"; };
		FF5B76EA1BD0CC9F00B90C19 /* EaseMob.bundle */ = {isa = PBXFileReference; lastKnownFileType = "wrapper.plug-in"; path = EaseMob.bundle; sourceTree = "<group>"; };
		FF5B76EE1BD0CCCA00B90C19 /* libresolv.tbd */ = {isa = PBXFileReference; lastKnownFileType = "sourcecode.text-based-dylib-definition"; name = libresolv.tbd; path = usr/lib/libresolv.tbd; sourceTree = SDKROOT; };
		FF5B76F01BD0CCD200B90C19 /* libiconv.tbd */ = {isa = PBXFileReference; lastKnownFileType = "sourcecode.text-based-dylib-definition"; name = libiconv.tbd; path = usr/lib/libiconv.tbd; sourceTree = SDKROOT; };
		FF5B76F21BD0CCDA00B90C19 /* libxml2.tbd */ = {isa = PBXFileReference; lastKnownFileType = "sourcecode.text-based-dylib-definition"; name = libxml2.tbd; path = usr/lib/libxml2.tbd; sourceTree = SDKROOT; };
		FF5B76F41BD0CCE400B90C19 /* libsqlite3.tbd */ = {isa = PBXFileReference; lastKnownFileType = "sourcecode.text-based-dylib-definition"; name = libsqlite3.tbd; path = usr/lib/libsqlite3.tbd; sourceTree = SDKROOT; };
		FF5B76F61BD0CCED00B90C19 /* libstdc++.6.0.9.tbd */ = {isa = PBXFileReference; lastKnownFileType = "sourcecode.text-based-dylib-definition"; name = "libstdc++.6.0.9.tbd"; path = "usr/lib/libstdc++.6.0.9.tbd"; sourceTree = SDKROOT; };
		FF5B76F81BD0CD0B00B90C19 /* CFNetwork.framework */ = {isa = PBXFileReference; lastKnownFileType = wrapper.framework; name = CFNetwork.framework; path = System/Library/Frameworks/CFNetwork.framework; sourceTree = SDKROOT; };
		FF5B76FA1BD0CD1200B90C19 /* MobileCoreServices.framework */ = {isa = PBXFileReference; lastKnownFileType = wrapper.framework; name = MobileCoreServices.framework; path = System/Library/Frameworks/MobileCoreServices.framework; sourceTree = SDKROOT; };
		FF5B76FC1BD0CD1800B90C19 /* CoreGraphics.framework */ = {isa = PBXFileReference; lastKnownFileType = wrapper.framework; name = CoreGraphics.framework; path = System/Library/Frameworks/CoreGraphics.framework; sourceTree = SDKROOT; };
		FF5B76FE1BD0CD2600B90C19 /* QuartzCore.framework */ = {isa = PBXFileReference; lastKnownFileType = wrapper.framework; name = QuartzCore.framework; path = System/Library/Frameworks/QuartzCore.framework; sourceTree = SDKROOT; };
		FF5B77001BD0CD2D00B90C19 /* AddressBook.framework */ = {isa = PBXFileReference; lastKnownFileType = wrapper.framework; name = AddressBook.framework; path = System/Library/Frameworks/AddressBook.framework; sourceTree = SDKROOT; };
		FF5B77021BD0CD3500B90C19 /* CoreLocation.framework */ = {isa = PBXFileReference; lastKnownFileType = wrapper.framework; name = CoreLocation.framework; path = System/Library/Frameworks/CoreLocation.framework; sourceTree = SDKROOT; };
		FF5B77041BD0CD6900B90C19 /* UIKit.framework */ = {isa = PBXFileReference; lastKnownFileType = wrapper.framework; name = UIKit.framework; path = System/Library/Frameworks/UIKit.framework; sourceTree = SDKROOT; };
		FF5B77061BD0CD7100B90C19 /* AudioToolbox.framework */ = {isa = PBXFileReference; lastKnownFileType = wrapper.framework; name = AudioToolbox.framework; path = System/Library/Frameworks/AudioToolbox.framework; sourceTree = SDKROOT; };
		FF5B77081BD0CD7800B90C19 /* CoreTelephony.framework */ = {isa = PBXFileReference; lastKnownFileType = wrapper.framework; name = CoreTelephony.framework; path = System/Library/Frameworks/CoreTelephony.framework; sourceTree = SDKROOT; };
		FF5B770A1BD0CD8000B90C19 /* Foundation.framework */ = {isa = PBXFileReference; lastKnownFileType = wrapper.framework; name = Foundation.framework; path = System/Library/Frameworks/Foundation.framework; sourceTree = SDKROOT; };
		FF5B770C1BD0CD8A00B90C19 /* SystemConfiguration.framework */ = {isa = PBXFileReference; lastKnownFileType = wrapper.framework; name = SystemConfiguration.framework; path = System/Library/Frameworks/SystemConfiguration.framework; sourceTree = SDKROOT; };
		FF5B770E1BD0CD9000B90C19 /* AVFoundation.framework */ = {isa = PBXFileReference; lastKnownFileType = wrapper.framework; name = AVFoundation.framework; path = System/Library/Frameworks/AVFoundation.framework; sourceTree = SDKROOT; };
		FF5B77101BD0CD9600B90C19 /* libz.tbd */ = {isa = PBXFileReference; lastKnownFileType = "sourcecode.text-based-dylib-definition"; name = libz.tbd; path = usr/lib/libz.tbd; sourceTree = SDKROOT; };
		FF61E3FE1BC7F8110000441C /* 3c.app */ = {isa = PBXFileReference; explicitFileType = wrapper.application; includeInIndex = 0; path = 3c.app; sourceTree = BUILT_PRODUCTS_DIR; };
		FF61E4011BC7F8110000441C /* AppDelegate.swift */ = {isa = PBXFileReference; lastKnownFileType = sourcecode.swift; path = AppDelegate.swift; sourceTree = "<group>"; };
		FF61E4031BC7F8110000441C /* ViewController.swift */ = {isa = PBXFileReference; lastKnownFileType = sourcecode.swift; path = ViewController.swift; sourceTree = "<group>"; };
		FF61E4061BC7F8110000441C /* Base */ = {isa = PBXFileReference; lastKnownFileType = file.storyboard; name = Base; path = Base.lproj/Main.storyboard; sourceTree = "<group>"; };
		FF61E4081BC7F8110000441C /* Assets.xcassets */ = {isa = PBXFileReference; lastKnownFileType = folder.assetcatalog; path = Assets.xcassets; sourceTree = "<group>"; };
		FF61E40B1BC7F8110000441C /* Base */ = {isa = PBXFileReference; lastKnownFileType = file.storyboard; name = Base; path = Base.lproj/LaunchScreen.storyboard; sourceTree = "<group>"; };
		FF61E40D1BC7F8110000441C /* Info.plist */ = {isa = PBXFileReference; lastKnownFileType = text.plist.xml; path = Info.plist; sourceTree = "<group>"; };
		FF61E4121BC7F8110000441C /* 3cTests.xctest */ = {isa = PBXFileReference; explicitFileType = wrapper.cfbundle; includeInIndex = 0; path = 3cTests.xctest; sourceTree = BUILT_PRODUCTS_DIR; };
		FF61E4161BC7F8110000441C /* _cTests.swift */ = {isa = PBXFileReference; lastKnownFileType = sourcecode.swift; path = _cTests.swift; sourceTree = "<group>"; };
		FF61E4181BC7F8110000441C /* Info.plist */ = {isa = PBXFileReference; lastKnownFileType = text.plist.xml; path = Info.plist; sourceTree = "<group>"; };
		FF61E41D1BC7F8110000441C /* 3cUITests.xctest */ = {isa = PBXFileReference; explicitFileType = wrapper.cfbundle; includeInIndex = 0; path = 3cUITests.xctest; sourceTree = BUILT_PRODUCTS_DIR; };
		FF61E4211BC7F8110000441C /* _cUITests.swift */ = {isa = PBXFileReference; lastKnownFileType = sourcecode.swift; path = _cUITests.swift; sourceTree = "<group>"; };
		FF61E4231BC7F8110000441C /* Info.plist */ = {isa = PBXFileReference; lastKnownFileType = text.plist.xml; path = Info.plist; sourceTree = "<group>"; };
		FF61E46F1BC8964C0000441C /* 3c-Bridging-Header.h */ = {isa = PBXFileReference; lastKnownFileType = sourcecode.c.h; path = "3c-Bridging-Header.h"; sourceTree = "<group>"; };
/* End PBXFileReference section */

/* Begin PBXFrameworksBuildPhase section */
		FF61E3FB1BC7F8110000441C /* Frameworks */ = {
			isa = PBXFrameworksBuildPhase;
			buildActionMask = 2147483647;
			files = (
				FF5B77111BD0CD9600B90C19 /* libz.tbd in Frameworks */,
				FF5B770F1BD0CD9000B90C19 /* AVFoundation.framework in Frameworks */,
				FF5B770D1BD0CD8A00B90C19 /* SystemConfiguration.framework in Frameworks */,
				FF5B770B1BD0CD8000B90C19 /* Foundation.framework in Frameworks */,
				FF5B77091BD0CD7800B90C19 /* CoreTelephony.framework in Frameworks */,
				FF5B77071BD0CD7100B90C19 /* AudioToolbox.framework in Frameworks */,
				FF5B77051BD0CD6900B90C19 /* UIKit.framework in Frameworks */,
				FF5B77031BD0CD3500B90C19 /* CoreLocation.framework in Frameworks */,
				FF5B77011BD0CD2D00B90C19 /* AddressBook.framework in Frameworks */,
				FF5B76FF1BD0CD2600B90C19 /* QuartzCore.framework in Frameworks */,
				FF5B76FD1BD0CD1800B90C19 /* CoreGraphics.framework in Frameworks */,
				FF5B76FB1BD0CD1200B90C19 /* MobileCoreServices.framework in Frameworks */,
				FF5B76F91BD0CD0B00B90C19 /* CFNetwork.framework in Frameworks */,
				FF5B76F71BD0CCED00B90C19 /* libstdc++.6.0.9.tbd in Frameworks */,
				FF5B76F51BD0CCE400B90C19 /* libsqlite3.tbd in Frameworks */,
				FF5B76F31BD0CCDA00B90C19 /* libxml2.tbd in Frameworks */,
				FF5B76F11BD0CCD200B90C19 /* libiconv.tbd in Frameworks */,
				FF5B76EF1BD0CCCA00B90C19 /* libresolv.tbd in Frameworks */,
				FF5B76EB1BD0CC9F00B90C19 /* libEaseMobClientSDK.a in Frameworks */,
			);
			runOnlyForDeploymentPostprocessing = 0;
		};
		FF61E40F1BC7F8110000441C /* Frameworks */ = {
			isa = PBXFrameworksBuildPhase;
			buildActionMask = 2147483647;
			files = (
			);
			runOnlyForDeploymentPostprocessing = 0;
		};
		FF61E41A1BC7F8110000441C /* Frameworks */ = {
			isa = PBXFrameworksBuildPhase;
			buildActionMask = 2147483647;
			files = (
			);
			runOnlyForDeploymentPostprocessing = 0;
		};
/* End PBXFrameworksBuildPhase section */

/* Begin PBXGroup section */
		FF5B767D1BD0CC9F00B90C19 /* EaseMobSDK */ = {
			isa = PBXGroup;
			children = (
				FF5B767E1BD0CC9F00B90C19 /* include */,
				FF5B76E61BD0CC9F00B90C19 /* lib */,
				FF5B76E91BD0CC9F00B90C19 /* resources */,
			);
			path = EaseMobSDK;
			sourceTree = "<group>";
		};
		FF5B767E1BD0CC9F00B90C19 /* include */ = {
			isa = PBXGroup;
			children = (
				FF5B767F1BD0CC9F00B90C19 /* CallService */,
				FF5B768E1BD0CC9F00B90C19 /* ChatService */,
				FF5B76CF1BD0CC9F00B90C19 /* EaseMobClientSDK */,
				FF5B76D21BD0CC9F00B90C19 /* EaseMobClientSDKLite */,
				FF5B76D51BD0CC9F00B90C19 /* Utility */,
			);
			path = include;
			sourceTree = "<group>";
		};
		FF5B767F1BD0CC9F00B90C19 /* CallService */ = {
			isa = PBXGroup;
			children = (
				FF5B76801BD0CC9F00B90C19 /* EMCallManager */,
			);
			path = CallService;
			sourceTree = "<group>";
		};
		FF5B76801BD0CC9F00B90C19 /* EMCallManager */ = {
			isa = PBXGroup;
			children = (
				FF5B76811BD0CC9F00B90C19 /* delegates */,
				FF5B76841BD0CC9F00B90C19 /* EaseMob+CallService.h */,
				FF5B76851BD0CC9F00B90C19 /* EMCallServiceDefs.h */,
				FF5B76861BD0CC9F00B90C19 /* ICallManager.h */,
				FF5B76871BD0CC9F00B90C19 /* internal */,
				FF5B768A1BD0CC9F00B90C19 /* types */,
			);
			path = EMCallManager;
			sourceTree = "<group>";
		};
		FF5B76811BD0CC9F00B90C19 /* delegates */ = {
			isa = PBXGroup;
			children = (
				FF5B76821BD0CC9F00B90C19 /* EMCallManagerCallDelegate.h */,
				FF5B76831BD0CC9F00B90C19 /* EMCallManagerDelegate.h */,
			);
			path = delegates;
			sourceTree = "<group>";
		};
		FF5B76871BD0CC9F00B90C19 /* internal */ = {
			isa = PBXGroup;
			children = (
				FF5B76881BD0CC9F00B90C19 /* ICallManagerBase.h */,
				FF5B76891BD0CC9F00B90C19 /* ICallManagerCall.h */,
			);
			path = internal;
			sourceTree = "<group>";
		};
		FF5B768A1BD0CC9F00B90C19 /* types */ = {
			isa = PBXGroup;
			children = (
				FF5B768B1BD0CC9F00B90C19 /* EMCallSession.h */,
				FF5B768C1BD0CC9F00B90C19 /* IOpenGLView.h */,
				FF5B768D1BD0CC9F00B90C19 /* OpenGLView20.h */,
			);
			path = types;
			sourceTree = "<group>";
		};
		FF5B768E1BD0CC9F00B90C19 /* ChatService */ = {
			isa = PBXGroup;
			children = (
				FF5B768F1BD0CC9F00B90C19 /* EMChatManager */,
			);
			path = ChatService;
			sourceTree = "<group>";
		};
		FF5B768F1BD0CC9F00B90C19 /* EMChatManager */ = {
			isa = PBXGroup;
			children = (
				FF5B76901BD0CC9F00B90C19 /* delegates */,
				FF5B769D1BD0CC9F00B90C19 /* EMChatManagerDefs.h */,
				FF5B769E1BD0CC9F00B90C19 /* EMGroupManagerDefs.h */,
				FF5B769F1BD0CC9F00B90C19 /* EMPushManagerDefs.h */,
				FF5B76A01BD0CC9F00B90C19 /* IChatManager.h */,
				FF5B76A11BD0CC9F00B90C19 /* internal */,
				FF5B76AE1BD0CC9F00B90C19 /* types */,
			);
			path = EMChatManager;
			sourceTree = "<group>";
		};
		FF5B76901BD0CC9F00B90C19 /* delegates */ = {
			isa = PBXGroup;
			children = (
				FF5B76911BD0CC9F00B90C19 /* IChatManagerDelegate.h */,
				FF5B76921BD0CC9F00B90C19 /* internal */,
			);
			path = delegates;
			sourceTree = "<group>";
		};
		FF5B76921BD0CC9F00B90C19 /* internal */ = {
			isa = PBXGroup;
			children = (
				FF5B76931BD0CC9F00B90C19 /* EMChatManagerBuddyDelegate.h */,
				FF5B76941BD0CC9F00B90C19 /* EMChatManagerChatDelegate.h */,
				FF5B76951BD0CC9F00B90C19 /* EMChatManagerChatroomDelegate.h */,
				FF5B76961BD0CC9F00B90C19 /* EMChatManagerDelegate.h */,
				FF5B76971BD0CC9F00B90C19 /* EMChatManagerDelegateBase.h */,
				FF5B76981BD0CC9F00B90C19 /* EMChatManagerEncryptionDelegate.h */,
				FF5B76991BD0CC9F00B90C19 /* EMChatManagerGroupDelegate.h */,
				FF5B769A1BD0CC9F00B90C19 /* EMChatManagerLoginDelegate.h */,
				FF5B769B1BD0CC9F00B90C19 /* EMChatManagerPushNotificationDelegate.h */,
				FF5B769C1BD0CC9F00B90C19 /* EMChatManagerUtilDelegate.h */,
			);
			path = internal;
			sourceTree = "<group>";
		};
		FF5B76A11BD0CC9F00B90C19 /* internal */ = {
			isa = PBXGroup;
			children = (
				FF5B76A21BD0CC9F00B90C19 /* IChatManagerBase.h */,
				FF5B76A31BD0CC9F00B90C19 /* IChatManagerBuddy.h */,
				FF5B76A41BD0CC9F00B90C19 /* IChatManagerChat.h */,
				FF5B76A51BD0CC9F00B90C19 /* IChatManagerChatroom.h */,
				FF5B76A61BD0CC9F00B90C19 /* IChatManagerConversation.h */,
				FF5B76A71BD0CC9F00B90C19 /* IChatManagerEncryption.h */,
				FF5B76A81BD0CC9F00B90C19 /* IChatManagerGroup.h */,
				FF5B76A91BD0CC9F00B90C19 /* IChatManagerLogin.h */,
				FF5B76AA1BD0CC9F00B90C19 /* IChatManagerPushNotification.h */,
				FF5B76AB1BD0CC9F00B90C19 /* IChatManagerRobot.h */,
				FF5B76AC1BD0CC9F00B90C19 /* IChatManagerSettingOptions.h */,
				FF5B76AD1BD0CC9F00B90C19 /* IChatManagerUtil.h */,
			);
			path = internal;
			sourceTree = "<group>";
		};
		FF5B76AE1BD0CC9F00B90C19 /* types */ = {
			isa = PBXGroup;
			children = (
				FF5B76AF1BD0CC9F00B90C19 /* EMBuddy.h */,
				FF5B76B01BD0CC9F00B90C19 /* EMChatCommand.h */,
				FF5B76B11BD0CC9F00B90C19 /* EMChatFile.h */,
				FF5B76B21BD0CC9F00B90C19 /* EMChatImage.h */,
				FF5B76B31BD0CC9F00B90C19 /* EMChatLocation.h */,
				FF5B76B41BD0CC9F00B90C19 /* EMChatroom.h */,
				FF5B76B51BD0CC9F00B90C19 /* EMChatText.h */,
				FF5B76B61BD0CC9F00B90C19 /* EMChatVideo.h */,
				FF5B76B71BD0CC9F00B90C19 /* EMChatVoice.h */,
				FF5B76B81BD0CC9F00B90C19 /* EMCommandMessageBody.h */,
				FF5B76B91BD0CC9F00B90C19 /* EMConversation.h */,
				FF5B76BA1BD0CC9F00B90C19 /* EMCursorResult.h */,
				FF5B76BB1BD0CC9F00B90C19 /* EMFileMessageBody.h */,
				FF5B76BC1BD0CC9F00B90C19 /* EMGroup.h */,
				FF5B76BD1BD0CC9F00B90C19 /* EMGroupStyleSetting.h */,
				FF5B76BE1BD0CC9F00B90C19 /* EMImageMessageBody.h */,
				FF5B76BF1BD0CC9F00B90C19 /* EMLocationMessageBody.h */,
				FF5B76C01BD0CC9F00B90C19 /* EMMessage.h */,
				FF5B76C11BD0CC9F00B90C19 /* EMPushNotificationOptions.h */,
				FF5B76C21BD0CC9F00B90C19 /* EMReceipt.h */,
				FF5B76C31BD0CC9F00B90C19 /* EMReceiptBase.h */,
				FF5B76C41BD0CC9F00B90C19 /* EMRobot.h */,
				FF5B76C51BD0CC9F00B90C19 /* EMTextMessageBody.h */,
				FF5B76C61BD0CC9F00B90C19 /* EMVideoMessageBody.h */,
				FF5B76C71BD0CC9F00B90C19 /* EMVoiceMessageBody.h */,
				FF5B76C81BD0CC9F00B90C19 /* IChatImageOptions.h */,
				FF5B76C91BD0CC9F00B90C19 /* IEMChatCryptor.h */,
				FF5B76CA1BD0CC9F00B90C19 /* IEMChatFile.h */,
				FF5B76CB1BD0CC9F00B90C19 /* IEMChatObject.h */,
				FF5B76CC1BD0CC9F00B90C19 /* IEMChatProgressDelegate.h */,
				FF5B76CD1BD0CC9F00B90C19 /* IEMFileMessageBody.h */,
				FF5B76CE1BD0CC9F00B90C19 /* IEMMessageBody.h */,
			);
			path = types;
			sourceTree = "<group>";
		};
		FF5B76CF1BD0CC9F00B90C19 /* EaseMobClientSDK */ = {
			isa = PBXGroup;
			children = (
				FF5B76D01BD0CC9F00B90C19 /* EaseMob.h */,
				FF5B76D11BD0CC9F00B90C19 /* EaseMobHeaders.h */,
			);
			path = EaseMobClientSDK;
			sourceTree = "<group>";
		};
		FF5B76D21BD0CC9F00B90C19 /* EaseMobClientSDKLite */ = {
			isa = PBXGroup;
			children = (
				FF5B76D31BD0CC9F00B90C19 /* EaseMob.h */,
				FF5B76D41BD0CC9F00B90C19 /* EaseMobHeaders.h */,
			);
			path = EaseMobClientSDKLite;
			sourceTree = "<group>";
		};
		FF5B76D51BD0CC9F00B90C19 /* Utility */ = {
			isa = PBXGroup;
			children = (
				FF5B76D61BD0CC9F00B90C19 /* commonDefs.h */,
				FF5B76D71BD0CC9F00B90C19 /* EMDeviceManager */,
				FF5B76E21BD0CC9F00B90C19 /* EMNetworkMonitorDefs.h */,
				FF5B76E31BD0CC9F00B90C19 /* ErrorManager */,
			);
			path = Utility;
			sourceTree = "<group>";
		};
		FF5B76D71BD0CC9F00B90C19 /* EMDeviceManager */ = {
			isa = PBXGroup;
			children = (
				FF5B76D81BD0CC9F00B90C19 /* delegates */,
				FF5B76DE1BD0CC9F00B90C19 /* EMDeviceManagerDefs.h */,
				FF5B76DF1BD0CC9F00B90C19 /* IDeviceManager.h */,
				FF5B76E01BD0CC9F00B90C19 /* internal */,
			);
			path = EMDeviceManager;
			sourceTree = "<group>";
		};
		FF5B76D81BD0CC9F00B90C19 /* delegates */ = {
			isa = PBXGroup;
			children = (
				FF5B76D91BD0CC9F00B90C19 /* IDeviceManagerDelegate.h */,
				FF5B76DA1BD0CC9F00B90C19 /* internal */,
			);
			path = delegates;
			sourceTree = "<group>";
		};
		FF5B76DA1BD0CC9F00B90C19 /* internal */ = {
			isa = PBXGroup;
			children = (
				FF5B76DB1BD0CC9F00B90C19 /* EMDeviceManagerDelegate.h */,
				FF5B76DC1BD0CC9F00B90C19 /* EMDeviceManagerDelegateBase.h */,
				FF5B76DD1BD0CC9F00B90C19 /* EMDeviceManagerNetworkDelegate.h */,
			);
			path = internal;
			sourceTree = "<group>";
		};
		FF5B76E01BD0CC9F00B90C19 /* internal */ = {
			isa = PBXGroup;
			children = (
				FF5B76E11BD0CC9F00B90C19 /* IDeviceManagerBase.h */,
			);
			path = internal;
			sourceTree = "<group>";
		};
		FF5B76E31BD0CC9F00B90C19 /* ErrorManager */ = {
			isa = PBXGroup;
			children = (
				FF5B76E41BD0CC9F00B90C19 /* EMError.h */,
				FF5B76E51BD0CC9F00B90C19 /* EMErrorDefs.h */,
			);
			path = ErrorManager;
			sourceTree = "<group>";
		};
		FF5B76E61BD0CC9F00B90C19 /* lib */ = {
			isa = PBXGroup;
			children = (
				FF5B76E71BD0CC9F00B90C19 /* libEaseMobClientSDK.a */,
				FF5B76E81BD0CC9F00B90C19 /* libEaseMobClientSDKLite.a */,
			);
			path = lib;
			sourceTree = "<group>";
		};
		FF5B76E91BD0CC9F00B90C19 /* resources */ = {
			isa = PBXGroup;
			children = (
				FF5B76EA1BD0CC9F00B90C19 /* EaseMob.bundle */,
			);
			path = resources;
			sourceTree = "<group>";
		};
		FF61E3F51BC7F8110000441C = {
			isa = PBXGroup;
			children = (
				FF5B77101BD0CD9600B90C19 /* libz.tbd */,
				FF5B770E1BD0CD9000B90C19 /* AVFoundation.framework */,
				FF5B770C1BD0CD8A00B90C19 /* SystemConfiguration.framework */,
				FF5B770A1BD0CD8000B90C19 /* Foundation.framework */,
				FF5B77081BD0CD7800B90C19 /* CoreTelephony.framework */,
				FF5B77061BD0CD7100B90C19 /* AudioToolbox.framework */,
				FF5B77041BD0CD6900B90C19 /* UIKit.framework */,
				FF5B77021BD0CD3500B90C19 /* CoreLocation.framework */,
				FF5B77001BD0CD2D00B90C19 /* AddressBook.framework */,
				FF5B76FE1BD0CD2600B90C19 /* QuartzCore.framework */,
				FF5B76FC1BD0CD1800B90C19 /* CoreGraphics.framework */,
				FF5B76FA1BD0CD1200B90C19 /* MobileCoreServices.framework */,
				FF5B76F81BD0CD0B00B90C19 /* CFNetwork.framework */,
				FF5B76F61BD0CCED00B90C19 /* libstdc++.6.0.9.tbd */,
				FF5B76F41BD0CCE400B90C19 /* libsqlite3.tbd */,
				FF5B76F21BD0CCDA00B90C19 /* libxml2.tbd */,
				FF5B76F01BD0CCD200B90C19 /* libiconv.tbd */,
				FF5B76EE1BD0CCCA00B90C19 /* libresolv.tbd */,
				FF5B767D1BD0CC9F00B90C19 /* EaseMobSDK */,
				FF61E4001BC7F8110000441C /* 3c */,
				FF61E4151BC7F8110000441C /* 3cTests */,
				FF61E4201BC7F8110000441C /* 3cUITests */,
				FF61E3FF1BC7F8110000441C /* Products */,
			);
			sourceTree = "<group>";
		};
		FF61E3FF1BC7F8110000441C /* Products */ = {
			isa = PBXGroup;
			children = (
				FF61E3FE1BC7F8110000441C /* 3c.app */,
				FF61E4121BC7F8110000441C /* 3cTests.xctest */,
				FF61E41D1BC7F8110000441C /* 3cUITests.xctest */,
			);
			name = Products;
			sourceTree = "<group>";
		};
		FF61E4001BC7F8110000441C /* 3c */ = {
			isa = PBXGroup;
			children = (
				FF61E4011BC7F8110000441C /* AppDelegate.swift */,
				FF61E4031BC7F8110000441C /* ViewController.swift */,
				FF61E4051BC7F8110000441C /* Main.storyboard */,
				FF61E4081BC7F8110000441C /* Assets.xcassets */,
				FF61E40A1BC7F8110000441C /* LaunchScreen.storyboard */,
				FF61E40D1BC7F8110000441C /* Info.plist */,
				FF61E46F1BC8964C0000441C /* 3c-Bridging-Header.h */,
			);
			path = 3c;
			sourceTree = "<group>";
		};
		FF61E4151BC7F8110000441C /* 3cTests */ = {
			isa = PBXGroup;
			children = (
				FF61E4161BC7F8110000441C /* _cTests.swift */,
				FF61E4181BC7F8110000441C /* Info.plist */,
			);
			path = 3cTests;
			sourceTree = "<group>";
		};
		FF61E4201BC7F8110000441C /* 3cUITests */ = {
			isa = PBXGroup;
			children = (
				FF61E4211BC7F8110000441C /* _cUITests.swift */,
				FF61E4231BC7F8110000441C /* Info.plist */,
			);
			path = 3cUITests;
			sourceTree = "<group>";
		};
/* End PBXGroup section */

/* Begin PBXNativeTarget section */
		FF61E3FD1BC7F8110000441C /* 3c */ = {
			isa = PBXNativeTarget;
			buildConfigurationList = FF61E4261BC7F8110000441C /* Build configuration list for PBXNativeTarget "3c" */;
			buildPhases = (
				FF61E3FA1BC7F8110000441C /* Sources */,
				FF61E3FB1BC7F8110000441C /* Frameworks */,
				FF61E3FC1BC7F8110000441C /* Resources */,
			);
			buildRules = (
			);
			dependencies = (
			);
			name = 3c;
			productName = 3c;
			productReference = FF61E3FE1BC7F8110000441C /* 3c.app */;
			productType = "com.apple.product-type.application";
		};
		FF61E4111BC7F8110000441C /* 3cTests */ = {
			isa = PBXNativeTarget;
			buildConfigurationList = FF61E4291BC7F8110000441C /* Build configuration list for PBXNativeTarget "3cTests" */;
			buildPhases = (
				FF61E40E1BC7F8110000441C /* Sources */,
				FF61E40F1BC7F8110000441C /* Frameworks */,
				FF61E4101BC7F8110000441C /* Resources */,
			);
			buildRules = (
			);
			dependencies = (
				FF61E4141BC7F8110000441C /* PBXTargetDependency */,
			);
			name = 3cTests;
			productName = 3cTests;
			productReference = FF61E4121BC7F8110000441C /* 3cTests.xctest */;
			productType = "com.apple.product-type.bundle.unit-test";
		};
		FF61E41C1BC7F8110000441C /* 3cUITests */ = {
			isa = PBXNativeTarget;
			buildConfigurationList = FF61E42C1BC7F8110000441C /* Build configuration list for PBXNativeTarget "3cUITests" */;
			buildPhases = (
				FF61E4191BC7F8110000441C /* Sources */,
				FF61E41A1BC7F8110000441C /* Frameworks */,
				FF61E41B1BC7F8110000441C /* Resources */,
			);
			buildRules = (
			);
			dependencies = (
				FF61E41F1BC7F8110000441C /* PBXTargetDependency */,
			);
			name = 3cUITests;
			productName = 3cUITests;
			productReference = FF61E41D1BC7F8110000441C /* 3cUITests.xctest */;
			productType = "com.apple.product-type.bundle.ui-testing";
		};
/* End PBXNativeTarget section */

/* Begin PBXProject section */
		FF61E3F61BC7F8110000441C /* Project object */ = {
			isa = PBXProject;
			attributes = {
				LastSwiftUpdateCheck = 0700;
				LastUpgradeCheck = 0700;
				ORGANIZATIONNAME = "钩钩么么哒";
				TargetAttributes = {
					FF61E3FD1BC7F8110000441C = {
						CreatedOnToolsVersion = 7.0.1;
						DevelopmentTeam = DFKA9888HD;
					};
					FF61E4111BC7F8110000441C = {
						CreatedOnToolsVersion = 7.0.1;
						TestTargetID = FF61E3FD1BC7F8110000441C;
					};
					FF61E41C1BC7F8110000441C = {
						CreatedOnToolsVersion = 7.0.1;
						TestTargetID = FF61E3FD1BC7F8110000441C;
					};
				};
			};
			buildConfigurationList = FF61E3F91BC7F8110000441C /* Build configuration list for PBXProject "3c" */;
			compatibilityVersion = "Xcode 3.2";
			developmentRegion = English;
			hasScannedForEncodings = 0;
			knownRegions = (
				en,
				Base,
			);
			mainGroup = FF61E3F51BC7F8110000441C;
			productRefGroup = FF61E3FF1BC7F8110000441C /* Products */;
			projectDirPath = "";
			projectRoot = "";
			targets = (
				FF61E3FD1BC7F8110000441C /* 3c */,
				FF61E4111BC7F8110000441C /* 3cTests */,
				FF61E41C1BC7F8110000441C /* 3cUITests */,
			);
		};
/* End PBXProject section */

/* Begin PBXResourcesBuildPhase section */
		FF61E3FC1BC7F8110000441C /* Resources */ = {
			isa = PBXResourcesBuildPhase;
			buildActionMask = 2147483647;
			files = (
				FF61E40C1BC7F8110000441C /* LaunchScreen.storyboard in Resources */,
				FF61E4091BC7F8110000441C /* Assets.xcassets in Resources */,
				FF5B76ED1BD0CC9F00B90C19 /* EaseMob.bundle in Resources */,
				FF61E4071BC7F8110000441C /* Main.storyboard in Resources */,
			);
			runOnlyForDeploymentPostprocessing = 0;
		};
		FF61E4101BC7F8110000441C /* Resources */ = {
			isa = PBXResourcesBuildPhase;
			buildActionMask = 2147483647;
			files = (
			);
			runOnlyForDeploymentPostprocessing = 0;
		};
		FF61E41B1BC7F8110000441C /* Resources */ = {
			isa = PBXResourcesBuildPhase;
			buildActionMask = 2147483647;
			files = (
			);
			runOnlyForDeploymentPostprocessing = 0;
		};
/* End PBXResourcesBuildPhase section */

/* Begin PBXSourcesBuildPhase section */
		FF61E3FA1BC7F8110000441C /* Sources */ = {
			isa = PBXSourcesBuildPhase;
			buildActionMask = 2147483647;
			files = (
				FF61E4041BC7F8110000441C /* ViewController.swift in Sources */,
				FF61E4021BC7F8110000441C /* AppDelegate.swift in Sources */,
			);
			runOnlyForDeploymentPostprocessing = 0;
		};
		FF61E40E1BC7F8110000441C /* Sources */ = {
			isa = PBXSourcesBuildPhase;
			buildActionMask = 2147483647;
			files = (
				FF61E4171BC7F8110000441C /* _cTests.swift in Sources */,
			);
			runOnlyForDeploymentPostprocessing = 0;
		};
		FF61E4191BC7F8110000441C /* Sources */ = {
			isa = PBXSourcesBuildPhase;
			buildActionMask = 2147483647;
			files = (
				FF61E4221BC7F8110000441C /* _cUITests.swift in Sources */,
			);
			runOnlyForDeploymentPostprocessing = 0;
		};
/* End PBXSourcesBuildPhase section */

/* Begin PBXTargetDependency section */
		FF61E4141BC7F8110000441C /* PBXTargetDependency */ = {
			isa = PBXTargetDependency;
			target = FF61E3FD1BC7F8110000441C /* 3c */;
			targetProxy = FF61E4131BC7F8110000441C /* PBXContainerItemProxy */;
		};
		FF61E41F1BC7F8110000441C /* PBXTargetDependency */ = {
			isa = PBXTargetDependency;
			target = FF61E3FD1BC7F8110000441C /* 3c */;
			targetProxy = FF61E41E1BC7F8110000441C /* PBXContainerItemProxy */;
		};
/* End PBXTargetDependency section */

/* Begin PBXVariantGroup section */
		FF61E4051BC7F8110000441C /* Main.storyboard */ = {
			isa = PBXVariantGroup;
			children = (
				FF61E4061BC7F8110000441C /* Base */,
			);
			name = Main.storyboard;
			sourceTree = "<group>";
		};
		FF61E40A1BC7F8110000441C /* LaunchScreen.storyboard */ = {
			isa = PBXVariantGroup;
			children = (
				FF61E40B1BC7F8110000441C /* Base */,
			);
			name = LaunchScreen.storyboard;
			sourceTree = "<group>";
		};
/* End PBXVariantGroup section */

/* Begin XCBuildConfiguration section */
		FF61E4241BC7F8110000441C /* Debug */ = {
			isa = XCBuildConfiguration;
			buildSettings = {
				ALWAYS_SEARCH_USER_PATHS = NO;
				CLANG_CXX_LANGUAGE_STANDARD = "gnu++0x";
				CLANG_CXX_LIBRARY = "libc++";
				CLANG_ENABLE_MODULES = YES;
				CLANG_ENABLE_OBJC_ARC = YES;
				CLANG_WARN_BOOL_CONVERSION = YES;
				CLANG_WARN_CONSTANT_CONVERSION = YES;
				CLANG_WARN_DIRECT_OBJC_ISA_USAGE = YES_ERROR;
				CLANG_WARN_EMPTY_BODY = YES;
				CLANG_WARN_ENUM_CONVERSION = YES;
				CLANG_WARN_INT_CONVERSION = YES;
				CLANG_WARN_OBJC_ROOT_CLASS = YES_ERROR;
				CLANG_WARN_UNREACHABLE_CODE = YES;
				CLANG_WARN__DUPLICATE_METHOD_MATCH = YES;
				"CODE_SIGN_IDENTITY[sdk=iphoneos*]" = "iPhone Developer";
				COPY_PHASE_STRIP = NO;
				DEBUG_INFORMATION_FORMAT = dwarf;
				ENABLE_STRICT_OBJC_MSGSEND = YES;
				ENABLE_TESTABILITY = YES;
				GCC_C_LANGUAGE_STANDARD = gnu99;
				GCC_DYNAMIC_NO_PIC = NO;
				GCC_NO_COMMON_BLOCKS = YES;
				GCC_OPTIMIZATION_LEVEL = 0;
				GCC_PREPROCESSOR_DEFINITIONS = (
					"DEBUG=1",
					"$(inherited)",
				);
				GCC_WARN_64_TO_32_BIT_CONVERSION = YES;
				GCC_WARN_ABOUT_RETURN_TYPE = YES_ERROR;
				GCC_WARN_UNDECLARED_SELECTOR = YES;
				GCC_WARN_UNINITIALIZED_AUTOS = YES_AGGRESSIVE;
				GCC_WARN_UNUSED_FUNCTION = YES;
				GCC_WARN_UNUSED_VARIABLE = YES;
				IPHONEOS_DEPLOYMENT_TARGET = 9.0;
				MTL_ENABLE_DEBUG_INFO = YES;
				ONLY_ACTIVE_ARCH = YES;
				SDKROOT = iphoneos;
				SWIFT_OPTIMIZATION_LEVEL = "-Onone";
			};
			name = Debug;
		};
		FF61E4251BC7F8110000441C /* Release */ = {
			isa = XCBuildConfiguration;
			buildSettings = {
				ALWAYS_SEARCH_USER_PATHS = NO;
				CLANG_CXX_LANGUAGE_STANDARD = "gnu++0x";
				CLANG_CXX_LIBRARY = "libc++";
				CLANG_ENABLE_MODULES = YES;
				CLANG_ENABLE_OBJC_ARC = YES;
				CLANG_WARN_BOOL_CONVERSION = YES;
				CLANG_WARN_CONSTANT_CONVERSION = YES;
				CLANG_WARN_DIRECT_OBJC_ISA_USAGE = YES_ERROR;
				CLANG_WARN_EMPTY_BODY = YES;
				CLANG_WARN_ENUM_CONVERSION = YES;
				CLANG_WARN_INT_CONVERSION = YES;
				CLANG_WARN_OBJC_ROOT_CLASS = YES_ERROR;
				CLANG_WARN_UNREACHABLE_CODE = YES;
				CLANG_WARN__DUPLICATE_METHOD_MATCH = YES;
				"CODE_SIGN_IDENTITY[sdk=iphoneos*]" = "iPhone Developer";
				COPY_PHASE_STRIP = NO;
				DEBUG_INFORMATION_FORMAT = "dwarf-with-dsym";
				ENABLE_NS_ASSERTIONS = NO;
				ENABLE_STRICT_OBJC_MSGSEND = YES;
				GCC_C_LANGUAGE_STANDARD = gnu99;
				GCC_NO_COMMON_BLOCKS = YES;
				GCC_WARN_64_TO_32_BIT_CONVERSION = YES;
				GCC_WARN_ABOUT_RETURN_TYPE = YES_ERROR;
				GCC_WARN_UNDECLARED_SELECTOR = YES;
				GCC_WARN_UNINITIALIZED_AUTOS = YES_AGGRESSIVE;
				GCC_WARN_UNUSED_FUNCTION = YES;
				GCC_WARN_UNUSED_VARIABLE = YES;
				IPHONEOS_DEPLOYMENT_TARGET = 9.0;
				MTL_ENABLE_DEBUG_INFO = NO;
				SDKROOT = iphoneos;
				VALIDATE_PRODUCT = YES;
			};
			name = Release;
		};
		FF61E4271BC7F8110000441C /* Debug */ = {
			isa = XCBuildConfiguration;
			buildSettings = {
				ASSETCATALOG_COMPILER_APPICON_NAME = AppIcon;
				CLANG_ENABLE_MODULES = YES;
				CODE_SIGN_IDENTITY = "iPhone Developer";
				"CODE_SIGN_IDENTITY[sdk=iphoneos*]" = "iPhone Developer";
				ENABLE_BITCODE = NO;
				INFOPLIST_FILE = 3c/Info.plist;
				LD_RUNPATH_SEARCH_PATHS = "$(inherited) @executable_path/Frameworks";
				LIBRARY_SEARCH_PATHS = (
					"$(inherited)",
					"$(PROJECT_DIR)/EaseMobSDK/lib",
				);
				OTHER_LDFLAGS = "-ObjC";
				PRODUCT_BUNDLE_IDENTIFIER = "primer.-c";
				PRODUCT_NAME = "$(TARGET_NAME)";
				PROVISIONING_PROFILE = "";
				SWIFT_OBJC_BRIDGING_HEADER = "3c/3c-Bridging-Header.h";
				SWIFT_OPTIMIZATION_LEVEL = "-Onone";
			};
			name = Debug;
		};
		FF61E4281BC7F8110000441C /* Release */ = {
			isa = XCBuildConfiguration;
			buildSettings = {
				ASSETCATALOG_COMPILER_APPICON_NAME = AppIcon;
				CLANG_ENABLE_MODULES = YES;
				CODE_SIGN_IDENTITY = "iPhone Developer";
				"CODE_SIGN_IDENTITY[sdk=iphoneos*]" = "iPhone Developer";
				ENABLE_BITCODE = NO;
				INFOPLIST_FILE = 3c/Info.plist;
				LD_RUNPATH_SEARCH_PATHS = "$(inherited) @executable_path/Frameworks";
				LIBRARY_SEARCH_PATHS = (
					"$(inherited)",
					"$(PROJECT_DIR)/EaseMobSDK/lib",
				);
				OTHER_LDFLAGS = "-ObjC";
				PRODUCT_BUNDLE_IDENTIFIER = "primer.-c";
				PRODUCT_NAME = "$(TARGET_NAME)";
				PROVISIONING_PROFILE = "";
				SWIFT_OBJC_BRIDGING_HEADER = "3c/3c-Bridging-Header.h";
			};
			name = Release;
		};
		FF61E42A1BC7F8110000441C /* Debug */ = {
			isa = XCBuildConfiguration;
			buildSettings = {
				BUNDLE_LOADER = "$(TEST_HOST)";
				INFOPLIST_FILE = 3cTests/Info.plist;
				LD_RUNPATH_SEARCH_PATHS = "$(inherited) @executable_path/Frameworks @loader_path/Frameworks";
				PRODUCT_BUNDLE_IDENTIFIER = "primer.-cTests";
				PRODUCT_NAME = "$(TARGET_NAME)";
				TEST_HOST = "$(BUILT_PRODUCTS_DIR)/3c.app/3c";
			};
			name = Debug;
		};
		FF61E42B1BC7F8110000441C /* Release */ = {
			isa = XCBuildConfiguration;
			buildSettings = {
				BUNDLE_LOADER = "$(TEST_HOST)";
				INFOPLIST_FILE = 3cTests/Info.plist;
				LD_RUNPATH_SEARCH_PATHS = "$(inherited) @executable_path/Frameworks @loader_path/Frameworks";
				PRODUCT_BUNDLE_IDENTIFIER = "primer.-cTests";
				PRODUCT_NAME = "$(TARGET_NAME)";
				TEST_HOST = "$(BUILT_PRODUCTS_DIR)/3c.app/3c";
			};
			name = Release;
		};
		FF61E42D1BC7F8110000441C /* Debug */ = {
			isa = XCBuildConfiguration;
			buildSettings = {
				INFOPLIST_FILE = 3cUITests/Info.plist;
				LD_RUNPATH_SEARCH_PATHS = "$(inherited) @executable_path/Frameworks @loader_path/Frameworks";
				PRODUCT_BUNDLE_IDENTIFIER = "primer.-cUITests";
				PRODUCT_NAME = "$(TARGET_NAME)";
				TEST_TARGET_NAME = 3c;
				USES_XCTRUNNER = YES;
			};
			name = Debug;
		};
		FF61E42E1BC7F8110000441C /* Release */ = {
			isa = XCBuildConfiguration;
			buildSettings = {
				INFOPLIST_FILE = 3cUITests/Info.plist;
				LD_RUNPATH_SEARCH_PATHS = "$(inherited) @executable_path/Frameworks @loader_path/Frameworks";
				PRODUCT_BUNDLE_IDENTIFIER = "primer.-cUITests";
				PRODUCT_NAME = "$(TARGET_NAME)";
				TEST_TARGET_NAME = 3c;
				USES_XCTRUNNER = YES;
			};
			name = Release;
		};
/* End XCBuildConfiguration section */

/* Begin XCConfigurationList section */
		FF61E3F91BC7F8110000441C /* Build configuration list for PBXProject "3c" */ = {
			isa = XCConfigurationList;
			buildConfigurations = (
				FF61E4241BC7F8110000441C /* Debug */,
				FF61E4251BC7F8110000441C /* Release */,
			);
			defaultConfigurationIsVisible = 0;
			defaultConfigurationName = Release;
		};
		FF61E4261BC7F8110000441C /* Build configuration list for PBXNativeTarget "3c" */ = {
			isa = XCConfigurationList;
			buildConfigurations = (
				FF61E4271BC7F8110000441C /* Debug */,
				FF61E4281BC7F8110000441C /* Release */,
			);
			defaultConfigurationIsVisible = 0;
			defaultConfigurationName = Release;
		};
		FF61E4291BC7F8110000441C /* Build configuration list for PBXNativeTarget "3cTests" */ = {
			isa = XCConfigurationList;
			buildConfigurations = (
				FF61E42A1BC7F8110000441C /* Debug */,
				FF61E42B1BC7F8110000441C /* Release */,
			);
			defaultConfigurationIsVisible = 0;
			defaultConfigurationName = Release;
		};
		FF61E42C1BC7F8110000441C /* Build configuration list for PBXNativeTarget "3cUITests" */ = {
			isa = XCConfigurationList;
			buildConfigurations = (
				FF61E42D1BC7F8110000441C /* Debug */,
				FF61E42E1BC7F8110000441C /* Release */,
			);
			defaultConfigurationIsVisible = 0;
			defaultConfigurationName = Release;
		};
/* End XCConfigurationList section */
	};
	rootObject = FF61E3F61BC7F8110000441C /* Project object */;
}
