// !$*UTF8*$!
{
	archiveVersion = 1;
	classes = {
	};
	objectVersion = 46;
	objects = {

/* Begin PBXBuildFile section */
		FF61E43C1BC88D670000441C /* AppDelegate.swift in Sources */ = {isa = PBXBuildFile; fileRef = FF61E43B1BC88D670000441C /* AppDelegate.swift */; };
		FF61E43E1BC88D670000441C /* ViewController.swift in Sources */ = {isa = PBXBuildFile; fileRef = FF61E43D1BC88D670000441C /* ViewController.swift */; };
		FF61E4411BC88D670000441C /* Main.storyboard in Resources */ = {isa = PBXBuildFile; fileRef = FF61E43F1BC88D670000441C /* Main.storyboard */; };
		FF61E4431BC88D670000441C /* Assets.xcassets in Resources */ = {isa = PBXBuildFile; fileRef = FF61E4421BC88D670000441C /* Assets.xcassets */; };
		FF61E4461BC88D670000441C /* LaunchScreen.storyboard in Resources */ = {isa = PBXBuildFile; fileRef = FF61E4441BC88D670000441C /* LaunchScreen.storyboard */; };
		FF61E4511BC88D670000441C /* _c_controlTests.swift in Sources */ = {isa = PBXBuildFile; fileRef = FF61E4501BC88D670000441C /* _c_controlTests.swift */; };
		FF61E45C1BC88D670000441C /* _c_controlUITests.swift in Sources */ = {isa = PBXBuildFile; fileRef = FF61E45B1BC88D670000441C /* _c_controlUITests.swift */; };
		FF61E46A1BC88E1C0000441C /* ButtonControlController.swift in Sources */ = {isa = PBXBuildFile; fileRef = FF61E4691BC88E1B0000441C /* ButtonControlController.swift */; settings = {ASSET_TAGS = (); }; };
		FF61E46C1BC88EA60000441C /* SoundControlController.swift in Sources */ = {isa = PBXBuildFile; fileRef = FF61E46B1BC88EA60000441C /* SoundControlController.swift */; settings = {ASSET_TAGS = (); }; };
		FF61E46E1BC88EC10000441C /* GestureControlController.swift in Sources */ = {isa = PBXBuildFile; fileRef = FF61E46D1BC88EC10000441C /* GestureControlController.swift */; settings = {ASSET_TAGS = (); }; };
		FF61E47A1BC8B1450000441C /* ysocket.swift in Sources */ = {isa = PBXBuildFile; fileRef = FF61E4771BC8B1450000441C /* ysocket.swift */; settings = {ASSET_TAGS = (); }; };
		FF61E47B1BC8B1450000441C /* ytcpsocket.c in Sources */ = {isa = PBXBuildFile; fileRef = FF61E4781BC8B1450000441C /* ytcpsocket.c */; settings = {ASSET_TAGS = (); }; };
		FF61E47C1BC8B1450000441C /* ytcpsocket.swift in Sources */ = {isa = PBXBuildFile; fileRef = FF61E4791BC8B1450000441C /* ytcpsocket.swift */; settings = {ASSET_TAGS = (); }; };
		FF9E2B541BCD38C500C541F5 /* yudpsocket.c in Sources */ = {isa = PBXBuildFile; fileRef = FF9E2B521BCD38C500C541F5 /* yudpsocket.c */; settings = {ASSET_TAGS = (); }; };
		FF9E2B551BCD38C500C541F5 /* yudpsocket.swift in Sources */ = {isa = PBXBuildFile; fileRef = FF9E2B531BCD38C500C541F5 /* yudpsocket.swift */; settings = {ASSET_TAGS = (); }; };
		FF9E2B611BCD516100C541F5 /* libz.tbd in Frameworks */ = {isa = PBXBuildFile; fileRef = FF9E2B601BCD516100C541F5 /* libz.tbd */; };
		FF9E2B811BCD617500C541F5 /* Foundation.framework in Frameworks */ = {isa = PBXBuildFile; fileRef = FF9E2B801BCD617500C541F5 /* Foundation.framework */; };
		FF9E2B871BCD618A00C541F5 /* UIKit.framework in Frameworks */ = {isa = PBXBuildFile; fileRef = FF9E2B861BCD618A00C541F5 /* UIKit.framework */; };
		FF9E2B901BCD627300C541F5 /* CoreGraphics.framework in Frameworks */ = {isa = PBXBuildFile; fileRef = FF9E2B8E1BCD61A400C541F5 /* CoreGraphics.framework */; };
		FF9E2B921BCD627300C541F5 /* QuartzCore.framework in Frameworks */ = {isa = PBXBuildFile; fileRef = FF9E2B8C1BCD619D00C541F5 /* QuartzCore.framework */; };
		FF9E2B941BCD627300C541F5 /* AddressBook.framework in Frameworks */ = {isa = PBXBuildFile; fileRef = FF9E2B8A1BCD619700C541F5 /* AddressBook.framework */; };
		FF9E2B961BCD627300C541F5 /* CoreLocation.framework in Frameworks */ = {isa = PBXBuildFile; fileRef = FF9E2B881BCD619000C541F5 /* CoreLocation.framework */; };
		FF9E2B9A1BCD627300C541F5 /* AudioToolbox.framework in Frameworks */ = {isa = PBXBuildFile; fileRef = FF9E2B841BCD618300C541F5 /* AudioToolbox.framework */; };
		FF9E2B9C1BCD627300C541F5 /* CoreTelephony.framework in Frameworks */ = {isa = PBXBuildFile; fileRef = FF9E2B821BCD617D00C541F5 /* CoreTelephony.framework */; };
		FF9E2BA01BCD627300C541F5 /* SystemConfiguration.framework in Frameworks */ = {isa = PBXBuildFile; fileRef = FF9E2B7E1BCD616E00C541F5 /* SystemConfiguration.framework */; };
		FF9E2BA21BCD627300C541F5 /* AVFoundation.framework in Frameworks */ = {isa = PBXBuildFile; fileRef = FF9E2B7C1BCD615C00C541F5 /* AVFoundation.framework */; };
		FF9E2BA41BCD646000C541F5 /* iflyMSC.framework in Frameworks */ = {isa = PBXBuildFile; fileRef = FF9E2B781BCD559C00C541F5 /* iflyMSC.framework */; };
/* End PBXBuildFile section */

/* Begin PBXContainerItemProxy section */
		FF61E44D1BC88D670000441C /* PBXContainerItemProxy */ = {
			isa = PBXContainerItemProxy;
			containerPortal = FF61E4301BC88D670000441C /* Project object */;
			proxyType = 1;
			remoteGlobalIDString = FF61E4371BC88D670000441C;
			remoteInfo = 3c_control;
		};
		FF61E4581BC88D670000441C /* PBXContainerItemProxy */ = {
			isa = PBXContainerItemProxy;
			containerPortal = FF61E4301BC88D670000441C /* Project object */;
			proxyType = 1;
			remoteGlobalIDString = FF61E4371BC88D670000441C;
			remoteInfo = 3c_control;
		};
/* End PBXContainerItemProxy section */

/* Begin PBXFileReference section */
		FF61E4381BC88D670000441C /* 3c_control.app */ = {isa = PBXFileReference; explicitFileType = wrapper.application; includeInIndex = 0; path = 3c_control.app; sourceTree = BUILT_PRODUCTS_DIR; };
		FF61E43B1BC88D670000441C /* AppDelegate.swift */ = {isa = PBXFileReference; lastKnownFileType = sourcecode.swift; path = AppDelegate.swift; sourceTree = "<group>"; };
		FF61E43D1BC88D670000441C /* ViewController.swift */ = {isa = PBXFileReference; lastKnownFileType = sourcecode.swift; path = ViewController.swift; sourceTree = "<group>"; };
		FF61E4401BC88D670000441C /* Base */ = {isa = PBXFileReference; lastKnownFileType = file.storyboard; name = Base; path = Base.lproj/Main.storyboard; sourceTree = "<group>"; };
		FF61E4421BC88D670000441C /* Assets.xcassets */ = {isa = PBXFileReference; lastKnownFileType = folder.assetcatalog; path = Assets.xcassets; sourceTree = "<group>"; };
		FF61E4451BC88D670000441C /* Base */ = {isa = PBXFileReference; lastKnownFileType = file.storyboard; name = Base; path = Base.lproj/LaunchScreen.storyboard; sourceTree = "<group>"; };
		FF61E4471BC88D670000441C /* Info.plist */ = {isa = PBXFileReference; lastKnownFileType = text.plist.xml; path = Info.plist; sourceTree = "<group>"; };
		FF61E44C1BC88D670000441C /* 3c_controlTests.xctest */ = {isa = PBXFileReference; explicitFileType = wrapper.cfbundle; includeInIndex = 0; path = 3c_controlTests.xctest; sourceTree = BUILT_PRODUCTS_DIR; };
		FF61E4501BC88D670000441C /* _c_controlTests.swift */ = {isa = PBXFileReference; lastKnownFileType = sourcecode.swift; path = _c_controlTests.swift; sourceTree = "<group>"; };
		FF61E4521BC88D670000441C /* Info.plist */ = {isa = PBXFileReference; lastKnownFileType = text.plist.xml; path = Info.plist; sourceTree = "<group>"; };
		FF61E4571BC88D670000441C /* 3c_controlUITests.xctest */ = {isa = PBXFileReference; explicitFileType = wrapper.cfbundle; includeInIndex = 0; path = 3c_controlUITests.xctest; sourceTree = BUILT_PRODUCTS_DIR; };
		FF61E45B1BC88D670000441C /* _c_controlUITests.swift */ = {isa = PBXFileReference; lastKnownFileType = sourcecode.swift; path = _c_controlUITests.swift; sourceTree = "<group>"; };
		FF61E45D1BC88D670000441C /* Info.plist */ = {isa = PBXFileReference; lastKnownFileType = text.plist.xml; path = Info.plist; sourceTree = "<group>"; };
		FF61E4691BC88E1B0000441C /* ButtonControlController.swift */ = {isa = PBXFileReference; fileEncoding = 4; lastKnownFileType = sourcecode.swift; path = ButtonControlController.swift; sourceTree = "<group>"; };
		FF61E46B1BC88EA60000441C /* SoundControlController.swift */ = {isa = PBXFileReference; fileEncoding = 4; lastKnownFileType = sourcecode.swift; path = SoundControlController.swift; sourceTree = "<group>"; };
		FF61E46D1BC88EC10000441C /* GestureControlController.swift */ = {isa = PBXFileReference; fileEncoding = 4; lastKnownFileType = sourcecode.swift; path = GestureControlController.swift; sourceTree = "<group>"; };
		FF61E4761BC8B1440000441C /* 3c_control-Bridging-Header.h */ = {isa = PBXFileReference; lastKnownFileType = sourcecode.c.h; path = "3c_control-Bridging-Header.h"; sourceTree = "<group>"; };
		FF61E4771BC8B1450000441C /* ysocket.swift */ = {isa = PBXFileReference; fileEncoding = 4; lastKnownFileType = sourcecode.swift; path = ysocket.swift; sourceTree = "<group>"; };
		FF61E4781BC8B1450000441C /* ytcpsocket.c */ = {isa = PBXFileReference; fileEncoding = 4; lastKnownFileType = sourcecode.c.c; path = ytcpsocket.c; sourceTree = "<group>"; };
		FF61E4791BC8B1450000441C /* ytcpsocket.swift */ = {isa = PBXFileReference; fileEncoding = 4; lastKnownFileType = sourcecode.swift; path = ytcpsocket.swift; sourceTree = "<group>"; };
		FF9E2B521BCD38C500C541F5 /* yudpsocket.c */ = {isa = PBXFileReference; fileEncoding = 4; lastKnownFileType = sourcecode.c.c; path = yudpsocket.c; sourceTree = "<group>"; };
		FF9E2B531BCD38C500C541F5 /* yudpsocket.swift */ = {isa = PBXFileReference; fileEncoding = 4; lastKnownFileType = sourcecode.swift; path = yudpsocket.swift; sourceTree = "<group>"; };
		FF9E2B601BCD516100C541F5 /* libz.tbd */ = {isa = PBXFileReference; lastKnownFileType = "sourcecode.text-based-dylib-definition"; name = libz.tbd; path = usr/lib/libz.tbd; sourceTree = SDKROOT; };
		FF9E2B781BCD559C00C541F5 /* iflyMSC.framework */ = {isa = PBXFileReference; lastKnownFileType = wrapper.framework; path = iflyMSC.framework; sourceTree = "<group>"; };
		FF9E2B7C1BCD615C00C541F5 /* AVFoundation.framework */ = {isa = PBXFileReference; lastKnownFileType = wrapper.framework; name = AVFoundation.framework; path = System/Library/Frameworks/AVFoundation.framework; sourceTree = SDKROOT; };
		FF9E2B7E1BCD616E00C541F5 /* SystemConfiguration.framework */ = {isa = PBXFileReference; lastKnownFileType = wrapper.framework; name = SystemConfiguration.framework; path = System/Library/Frameworks/SystemConfiguration.framework; sourceTree = SDKROOT; };
		FF9E2B801BCD617500C541F5 /* Foundation.framework */ = {isa = PBXFileReference; lastKnownFileType = wrapper.framework; name = Foundation.framework; path = System/Library/Frameworks/Foundation.framework; sourceTree = SDKROOT; };
		FF9E2B821BCD617D00C541F5 /* CoreTelephony.framework */ = {isa = PBXFileReference; lastKnownFileType = wrapper.framework; name = CoreTelephony.framework; path = System/Library/Frameworks/CoreTelephony.framework; sourceTree = SDKROOT; };
		FF9E2B841BCD618300C541F5 /* AudioToolbox.framework */ = {isa = PBXFileReference; lastKnownFileType = wrapper.framework; name = AudioToolbox.framework; path = System/Library/Frameworks/AudioToolbox.framework; sourceTree = SDKROOT; };
		FF9E2B861BCD618A00C541F5 /* UIKit.framework */ = {isa = PBXFileReference; lastKnownFileType = wrapper.framework; name = UIKit.framework; path = System/Library/Frameworks/UIKit.framework; sourceTree = SDKROOT; };
		FF9E2B881BCD619000C541F5 /* CoreLocation.framework */ = {isa = PBXFileReference; lastKnownFileType = wrapper.framework; name = CoreLocation.framework; path = System/Library/Frameworks/CoreLocation.framework; sourceTree = SDKROOT; };
		FF9E2B8A1BCD619700C541F5 /* AddressBook.framework */ = {isa = PBXFileReference; lastKnownFileType = wrapper.framework; name = AddressBook.framework; path = System/Library/Frameworks/AddressBook.framework; sourceTree = SDKROOT; };
		FF9E2B8C1BCD619D00C541F5 /* QuartzCore.framework */ = {isa = PBXFileReference; lastKnownFileType = wrapper.framework; name = QuartzCore.framework; path = System/Library/Frameworks/QuartzCore.framework; sourceTree = SDKROOT; };
		FF9E2B8E1BCD61A400C541F5 /* CoreGraphics.framework */ = {isa = PBXFileReference; lastKnownFileType = wrapper.framework; name = CoreGraphics.framework; path = System/Library/Frameworks/CoreGraphics.framework; sourceTree = SDKROOT; };
/* End PBXFileReference section */

/* Begin PBXFrameworksBuildPhase section */
		FF61E4351BC88D670000441C /* Frameworks */ = {
			isa = PBXFrameworksBuildPhase;
			buildActionMask = 2147483647;
			files = (
				FF9E2BA41BCD646000C541F5 /* iflyMSC.framework in Frameworks */,
				FF9E2B941BCD627300C541F5 /* AddressBook.framework in Frameworks */,
				FF9E2BA01BCD627300C541F5 /* SystemConfiguration.framework in Frameworks */,
				FF9E2BA21BCD627300C541F5 /* AVFoundation.framework in Frameworks */,
				FF9E2B901BCD627300C541F5 /* CoreGraphics.framework in Frameworks */,
				FF9E2B921BCD627300C541F5 /* QuartzCore.framework in Frameworks */,
				FF9E2B961BCD627300C541F5 /* CoreLocation.framework in Frameworks */,
				FF9E2B9A1BCD627300C541F5 /* AudioToolbox.framework in Frameworks */,
				FF9E2B9C1BCD627300C541F5 /* CoreTelephony.framework in Frameworks */,
				FF9E2B871BCD618A00C541F5 /* UIKit.framework in Frameworks */,
				FF9E2B811BCD617500C541F5 /* Foundation.framework in Frameworks */,
				FF9E2B611BCD516100C541F5 /* libz.tbd in Frameworks */,
			);
			runOnlyForDeploymentPostprocessing = 0;
		};
		FF61E4491BC88D670000441C /* Frameworks */ = {
			isa = PBXFrameworksBuildPhase;
			buildActionMask = 2147483647;
			files = (
			);
			runOnlyForDeploymentPostprocessing = 0;
		};
		FF61E4541BC88D670000441C /* Frameworks */ = {
			isa = PBXFrameworksBuildPhase;
			buildActionMask = 2147483647;
			files = (
			);
			runOnlyForDeploymentPostprocessing = 0;
		};
/* End PBXFrameworksBuildPhase section */

/* Begin PBXGroup section */
		FF61E42F1BC88D670000441C = {
			isa = PBXGroup;
			children = (
				FF9E2B8E1BCD61A400C541F5 /* CoreGraphics.framework */,
				FF9E2B8C1BCD619D00C541F5 /* QuartzCore.framework */,
				FF9E2B8A1BCD619700C541F5 /* AddressBook.framework */,
				FF9E2B881BCD619000C541F5 /* CoreLocation.framework */,
				FF9E2B861BCD618A00C541F5 /* UIKit.framework */,
				FF9E2B841BCD618300C541F5 /* AudioToolbox.framework */,
				FF9E2B821BCD617D00C541F5 /* CoreTelephony.framework */,
				FF9E2B801BCD617500C541F5 /* Foundation.framework */,
				FF9E2B7E1BCD616E00C541F5 /* SystemConfiguration.framework */,
				FF9E2B7C1BCD615C00C541F5 /* AVFoundation.framework */,
				FF9E2B781BCD559C00C541F5 /* iflyMSC.framework */,
				FF9E2B601BCD516100C541F5 /* libz.tbd */,
				FF61E43A1BC88D670000441C /* 3c_control */,
				FF61E44F1BC88D670000441C /* 3c_controlTests */,
				FF61E45A1BC88D670000441C /* 3c_controlUITests */,
				FF61E4391BC88D670000441C /* Products */,
			);
			sourceTree = "<group>";
		};
		FF61E4391BC88D670000441C /* Products */ = {
			isa = PBXGroup;
			children = (
				FF61E4381BC88D670000441C /* 3c_control.app */,
				FF61E44C1BC88D670000441C /* 3c_controlTests.xctest */,
				FF61E4571BC88D670000441C /* 3c_controlUITests.xctest */,
			);
			name = Products;
			sourceTree = "<group>";
		};
		FF61E43A1BC88D670000441C /* 3c_control */ = {
			isa = PBXGroup;
			children = (
				FF61E4771BC8B1450000441C /* ysocket.swift */,
				FF61E4781BC8B1450000441C /* ytcpsocket.c */,
				FF61E4791BC8B1450000441C /* ytcpsocket.swift */,
				FF9E2B521BCD38C500C541F5 /* yudpsocket.c */,
				FF9E2B531BCD38C500C541F5 /* yudpsocket.swift */,
				FF61E43B1BC88D670000441C /* AppDelegate.swift */,
				FF61E43D1BC88D670000441C /* ViewController.swift */,
				FF61E43F1BC88D670000441C /* Main.storyboard */,
				FF61E4421BC88D670000441C /* Assets.xcassets */,
				FF61E4441BC88D670000441C /* LaunchScreen.storyboard */,
				FF61E4471BC88D670000441C /* Info.plist */,
				FF61E4691BC88E1B0000441C /* ButtonControlController.swift */,
				FF61E46B1BC88EA60000441C /* SoundControlController.swift */,
				FF61E46D1BC88EC10000441C /* GestureControlController.swift */,
				FF61E4761BC8B1440000441C /* 3c_control-Bridging-Header.h */,
			);
			path = 3c_control;
			sourceTree = "<group>";
		};
		FF61E44F1BC88D670000441C /* 3c_controlTests */ = {
			isa = PBXGroup;
			children = (
				FF61E4501BC88D670000441C /* _c_controlTests.swift */,
				FF61E4521BC88D670000441C /* Info.plist */,
			);
			path = 3c_controlTests;
			sourceTree = "<group>";
		};
		FF61E45A1BC88D670000441C /* 3c_controlUITests */ = {
			isa = PBXGroup;
			children = (
				FF61E45B1BC88D670000441C /* _c_controlUITests.swift */,
				FF61E45D1BC88D670000441C /* Info.plist */,
			);
			path = 3c_controlUITests;
			sourceTree = "<group>";
		};
/* End PBXGroup section */

/* Begin PBXNativeTarget section */
		FF61E4371BC88D670000441C /* 3c_control */ = {
			isa = PBXNativeTarget;
			buildConfigurationList = FF61E4601BC88D670000441C /* Build configuration list for PBXNativeTarget "3c_control" */;
			buildPhases = (
				FF61E4341BC88D670000441C /* Sources */,
				FF61E4351BC88D670000441C /* Frameworks */,
				FF61E4361BC88D670000441C /* Resources */,
			);
			buildRules = (
			);
			dependencies = (
			);
			name = 3c_control;
			productName = 3c_control;
			productReference = FF61E4381BC88D670000441C /* 3c_control.app */;
			productType = "com.apple.product-type.application";
		};
		FF61E44B1BC88D670000441C /* 3c_controlTests */ = {
			isa = PBXNativeTarget;
			buildConfigurationList = FF61E4631BC88D670000441C /* Build configuration list for PBXNativeTarget "3c_controlTests" */;
			buildPhases = (
				FF61E4481BC88D670000441C /* Sources */,
				FF61E4491BC88D670000441C /* Frameworks */,
				FF61E44A1BC88D670000441C /* Resources */,
			);
			buildRules = (
			);
			dependencies = (
				FF61E44E1BC88D670000441C /* PBXTargetDependency */,
			);
			name = 3c_controlTests;
			productName = 3c_controlTests;
			productReference = FF61E44C1BC88D670000441C /* 3c_controlTests.xctest */;
			productType = "com.apple.product-type.bundle.unit-test";
		};
		FF61E4561BC88D670000441C /* 3c_controlUITests */ = {
			isa = PBXNativeTarget;
			buildConfigurationList = FF61E4661BC88D670000441C /* Build configuration list for PBXNativeTarget "3c_controlUITests" */;
			buildPhases = (
				FF61E4531BC88D670000441C /* Sources */,
				FF61E4541BC88D670000441C /* Frameworks */,
				FF61E4551BC88D670000441C /* Resources */,
			);
			buildRules = (
			);
			dependencies = (
				FF61E4591BC88D670000441C /* PBXTargetDependency */,
			);
			name = 3c_controlUITests;
			productName = 3c_controlUITests;
			productReference = FF61E4571BC88D670000441C /* 3c_controlUITests.xctest */;
			productType = "com.apple.product-type.bundle.ui-testing";
		};
/* End PBXNativeTarget section */

/* Begin PBXProject section */
		FF61E4301BC88D670000441C /* Project object */ = {
			isa = PBXProject;
			attributes = {
				LastSwiftUpdateCheck = 0700;
				LastUpgradeCheck = 0700;
				ORGANIZATIONNAME = "钩钩么么哒";
				TargetAttributes = {
					FF61E4371BC88D670000441C = {
						CreatedOnToolsVersion = 7.0.1;
						DevelopmentTeam = DFKA9888HD;
					};
					FF61E44B1BC88D670000441C = {
						CreatedOnToolsVersion = 7.0.1;
						TestTargetID = FF61E4371BC88D670000441C;
					};
					FF61E4561BC88D670000441C = {
						CreatedOnToolsVersion = 7.0.1;
						TestTargetID = FF61E4371BC88D670000441C;
					};
				};
			};
			buildConfigurationList = FF61E4331BC88D670000441C /* Build configuration list for PBXProject "3c_control" */;
			compatibilityVersion = "Xcode 3.2";
			developmentRegion = English;
			hasScannedForEncodings = 0;
			knownRegions = (
				en,
				Base,
			);
			mainGroup = FF61E42F1BC88D670000441C;
			productRefGroup = FF61E4391BC88D670000441C /* Products */;
			projectDirPath = "";
			projectRoot = "";
			targets = (
				FF61E4371BC88D670000441C /* 3c_control */,
				FF61E44B1BC88D670000441C /* 3c_controlTests */,
				FF61E4561BC88D670000441C /* 3c_controlUITests */,
			);
		};
/* End PBXProject section */

/* Begin PBXResourcesBuildPhase section */
		FF61E4361BC88D670000441C /* Resources */ = {
			isa = PBXResourcesBuildPhase;
			buildActionMask = 2147483647;
			files = (
				FF61E4461BC88D670000441C /* LaunchScreen.storyboard in Resources */,
				FF61E4431BC88D670000441C /* Assets.xcassets in Resources */,
				FF61E4411BC88D670000441C /* Main.storyboard in Resources */,
			);
			runOnlyForDeploymentPostprocessing = 0;
		};
		FF61E44A1BC88D670000441C /* Resources */ = {
			isa = PBXResourcesBuildPhase;
			buildActionMask = 2147483647;
			files = (
			);
			runOnlyForDeploymentPostprocessing = 0;
		};
		FF61E4551BC88D670000441C /* Resources */ = {
			isa = PBXResourcesBuildPhase;
			buildActionMask = 2147483647;
			files = (
			);
			runOnlyForDeploymentPostprocessing = 0;
		};
/* End PBXResourcesBuildPhase section */

/* Begin PBXSourcesBuildPhase section */
		FF61E4341BC88D670000441C /* Sources */ = {
			isa = PBXSourcesBuildPhase;
			buildActionMask = 2147483647;
			files = (
				FF61E47A1BC8B1450000441C /* ysocket.swift in Sources */,
				FF61E43E1BC88D670000441C /* ViewController.swift in Sources */,
				FF61E46E1BC88EC10000441C /* GestureControlController.swift in Sources */,
				FF61E46C1BC88EA60000441C /* SoundControlController.swift in Sources */,
				FF61E47C1BC8B1450000441C /* ytcpsocket.swift in Sources */,
				FF9E2B541BCD38C500C541F5 /* yudpsocket.c in Sources */,
				FF9E2B551BCD38C500C541F5 /* yudpsocket.swift in Sources */,
				FF61E43C1BC88D670000441C /* AppDelegate.swift in Sources */,
				FF61E46A1BC88E1C0000441C /* ButtonControlController.swift in Sources */,
				FF61E47B1BC8B1450000441C /* ytcpsocket.c in Sources */,
			);
			runOnlyForDeploymentPostprocessing = 0;
		};
		FF61E4481BC88D670000441C /* Sources */ = {
			isa = PBXSourcesBuildPhase;
			buildActionMask = 2147483647;
			files = (
				FF61E4511BC88D670000441C /* _c_controlTests.swift in Sources */,
			);
			runOnlyForDeploymentPostprocessing = 0;
		};
		FF61E4531BC88D670000441C /* Sources */ = {
			isa = PBXSourcesBuildPhase;
			buildActionMask = 2147483647;
			files = (
				FF61E45C1BC88D670000441C /* _c_controlUITests.swift in Sources */,
			);
			runOnlyForDeploymentPostprocessing = 0;
		};
/* End PBXSourcesBuildPhase section */

/* Begin PBXTargetDependency section */
		FF61E44E1BC88D670000441C /* PBXTargetDependency */ = {
			isa = PBXTargetDependency;
			target = FF61E4371BC88D670000441C /* 3c_control */;
			targetProxy = FF61E44D1BC88D670000441C /* PBXContainerItemProxy */;
		};
		FF61E4591BC88D670000441C /* PBXTargetDependency */ = {
			isa = PBXTargetDependency;
			target = FF61E4371BC88D670000441C /* 3c_control */;
			targetProxy = FF61E4581BC88D670000441C /* PBXContainerItemProxy */;
		};
/* End PBXTargetDependency section */

/* Begin PBXVariantGroup section */
		FF61E43F1BC88D670000441C /* Main.storyboard */ = {
			isa = PBXVariantGroup;
			children = (
				FF61E4401BC88D670000441C /* Base */,
			);
			name = Main.storyboard;
			sourceTree = "<group>";
		};
		FF61E4441BC88D670000441C /* LaunchScreen.storyboard */ = {
			isa = PBXVariantGroup;
			children = (
				FF61E4451BC88D670000441C /* Base */,
			);
			name = LaunchScreen.storyboard;
			sourceTree = "<group>";
		};
/* End PBXVariantGroup section */

/* Begin XCBuildConfiguration section */
		FF61E45E1BC88D670000441C /* Debug */ = {
			isa = XCBuildConfiguration;
			buildSettings = {
				ALWAYS_SEARCH_USER_PATHS = NO;
				CLANG_CXX_LANGUAGE_STANDARD = "gnu++0x";
				CLANG_CXX_LIBRARY = "libc++";
				CLANG_ENABLE_MODULES = YES;
				CLANG_ENABLE_OBJC_ARC = YES;
				CLANG_WARN_BOOL_CONVERSION = YES;
				CLANG_WARN_CONSTANT_CONVERSION = YES;
				CLANG_WARN_DIRECT_OBJC_ISA_USAGE = YES_ERROR;
				CLANG_WARN_EMPTY_BODY = YES;
				CLANG_WARN_ENUM_CONVERSION = YES;
				CLANG_WARN_INT_CONVERSION = YES;
				CLANG_WARN_OBJC_ROOT_CLASS = YES_ERROR;
				CLANG_WARN_UNREACHABLE_CODE = YES;
				CLANG_WARN__DUPLICATE_METHOD_MATCH = YES;
				"CODE_SIGN_IDENTITY[sdk=iphoneos*]" = "iPhone Developer";
				COPY_PHASE_STRIP = NO;
				DEBUG_INFORMATION_FORMAT = dwarf;
				ENABLE_STRICT_OBJC_MSGSEND = YES;
				ENABLE_TESTABILITY = YES;
				GCC_C_LANGUAGE_STANDARD = gnu99;
				GCC_DYNAMIC_NO_PIC = NO;
				GCC_NO_COMMON_BLOCKS = YES;
				GCC_OPTIMIZATION_LEVEL = 0;
				GCC_PREPROCESSOR_DEFINITIONS = (
					"DEBUG=1",
					"$(inherited)",
				);
				GCC_WARN_64_TO_32_BIT_CONVERSION = YES;
				GCC_WARN_ABOUT_RETURN_TYPE = YES_ERROR;
				GCC_WARN_UNDECLARED_SELECTOR = YES;
				GCC_WARN_UNINITIALIZED_AUTOS = YES_AGGRESSIVE;
				GCC_WARN_UNUSED_FUNCTION = YES;
				GCC_WARN_UNUSED_VARIABLE = YES;
				IPHONEOS_DEPLOYMENT_TARGET = 9.0;
				MTL_ENABLE_DEBUG_INFO = YES;
				ONLY_ACTIVE_ARCH = YES;
				SDKROOT = iphoneos;
				SWIFT_OPTIMIZATION_LEVEL = "-Onone";
			};
			name = Debug;
		};
		FF61E45F1BC88D670000441C /* Release */ = {
			isa = XCBuildConfiguration;
			buildSettings = {
				ALWAYS_SEARCH_USER_PATHS = NO;
				CLANG_CXX_LANGUAGE_STANDARD = "gnu++0x";
				CLANG_CXX_LIBRARY = "libc++";
				CLANG_ENABLE_MODULES = YES;
				CLANG_ENABLE_OBJC_ARC = YES;
				CLANG_WARN_BOOL_CONVERSION = YES;
				CLANG_WARN_CONSTANT_CONVERSION = YES;
				CLANG_WARN_DIRECT_OBJC_ISA_USAGE = YES_ERROR;
				CLANG_WARN_EMPTY_BODY = YES;
				CLANG_WARN_ENUM_CONVERSION = YES;
				CLANG_WARN_INT_CONVERSION = YES;
				CLANG_WARN_OBJC_ROOT_CLASS = YES_ERROR;
				CLANG_WARN_UNREACHABLE_CODE = YES;
				CLANG_WARN__DUPLICATE_METHOD_MATCH = YES;
				"CODE_SIGN_IDENTITY[sdk=iphoneos*]" = "iPhone Developer";
				COPY_PHASE_STRIP = NO;
				DEBUG_INFORMATION_FORMAT = "dwarf-with-dsym";
				ENABLE_NS_ASSERTIONS = NO;
				ENABLE_STRICT_OBJC_MSGSEND = YES;
				GCC_C_LANGUAGE_STANDARD = gnu99;
				GCC_NO_COMMON_BLOCKS = YES;
				GCC_WARN_64_TO_32_BIT_CONVERSION = YES;
				GCC_WARN_ABOUT_RETURN_TYPE = YES_ERROR;
				GCC_WARN_UNDECLARED_SELECTOR = YES;
				GCC_WARN_UNINITIALIZED_AUTOS = YES_AGGRESSIVE;
				GCC_WARN_UNUSED_FUNCTION = YES;
				GCC_WARN_UNUSED_VARIABLE = YES;
				IPHONEOS_DEPLOYMENT_TARGET = 9.0;
				MTL_ENABLE_DEBUG_INFO = NO;
				SDKROOT = iphoneos;
				VALIDATE_PRODUCT = YES;
			};
			name = Release;
		};
		FF61E4611BC88D670000441C /* Debug */ = {
			isa = XCBuildConfiguration;
			buildSettings = {
				ASSETCATALOG_COMPILER_APPICON_NAME = AppIcon;
				CLANG_ENABLE_MODULES = YES;
				CODE_SIGN_IDENTITY = "iPhone Developer";
				"CODE_SIGN_IDENTITY[sdk=iphoneos*]" = "iPhone Developer";
				ENABLE_BITCODE = NO;
				FRAMEWORK_SEARCH_PATHS = "$(PROJECT_DIR)";
				INFOPLIST_FILE = 3c_control/Info.plist;
				LD_RUNPATH_SEARCH_PATHS = "$(inherited) @executable_path/Frameworks";
				LIBRARY_SEARCH_PATHS = "$(inherited)";
				ONLY_ACTIVE_ARCH = NO;
				PRODUCT_BUNDLE_IDENTIFIER = "primer.-c-control";
				PRODUCT_NAME = "$(TARGET_NAME)";
				PROVISIONING_PROFILE = "";
				STRIP_BITCODE_FROM_COPIED_FILES = NO;
				SWIFT_OBJC_BRIDGING_HEADER = "3c_control/3c_control-Bridging-Header.h";
				SWIFT_OPTIMIZATION_LEVEL = "-Onone";
			};
			name = Debug;
		};
		FF61E4621BC88D670000441C /* Release */ = {
			isa = XCBuildConfiguration;
			buildSettings = {
				ASSETCATALOG_COMPILER_APPICON_NAME = AppIcon;
				CLANG_ENABLE_MODULES = YES;
				CODE_SIGN_IDENTITY = "iPhone Developer";
				"CODE_SIGN_IDENTITY[sdk=iphoneos*]" = "iPhone Developer";
				ENABLE_BITCODE = NO;
				FRAMEWORK_SEARCH_PATHS = "$(PROJECT_DIR)";
				INFOPLIST_FILE = 3c_control/Info.plist;
				LD_RUNPATH_SEARCH_PATHS = "$(inherited) @executable_path/Frameworks";
				LIBRARY_SEARCH_PATHS = "$(inherited)";
				ONLY_ACTIVE_ARCH = NO;
				PRODUCT_BUNDLE_IDENTIFIER = "primer.-c-control";
				PRODUCT_NAME = "$(TARGET_NAME)";
				PROVISIONING_PROFILE = "";
				STRIP_BITCODE_FROM_COPIED_FILES = NO;
				SWIFT_OBJC_BRIDGING_HEADER = "3c_control/3c_control-Bridging-Header.h";
			};
			name = Release;
		};
		FF61E4641BC88D670000441C /* Debug */ = {
			isa = XCBuildConfiguration;
			buildSettings = {
				BUNDLE_LOADER = "$(TEST_HOST)";
				INFOPLIST_FILE = 3c_controlTests/Info.plist;
				LD_RUNPATH_SEARCH_PATHS = "$(inherited) @executable_path/Frameworks @loader_path/Frameworks";
				PRODUCT_BUNDLE_IDENTIFIER = "primer.-c-controlTests";
				PRODUCT_NAME = "$(TARGET_NAME)";
				TEST_HOST = "$(BUILT_PRODUCTS_DIR)/3c_control.app/3c_control";
			};
			name = Debug;
		};
		FF61E4651BC88D670000441C /* Release */ = {
			isa = XCBuildConfiguration;
			buildSettings = {
				BUNDLE_LOADER = "$(TEST_HOST)";
				INFOPLIST_FILE = 3c_controlTests/Info.plist;
				LD_RUNPATH_SEARCH_PATHS = "$(inherited) @executable_path/Frameworks @loader_path/Frameworks";
				PRODUCT_BUNDLE_IDENTIFIER = "primer.-c-controlTests";
				PRODUCT_NAME = "$(TARGET_NAME)";
				TEST_HOST = "$(BUILT_PRODUCTS_DIR)/3c_control.app/3c_control";
			};
			name = Release;
		};
		FF61E4671BC88D670000441C /* Debug */ = {
			isa = XCBuildConfiguration;
			buildSettings = {
				INFOPLIST_FILE = 3c_controlUITests/Info.plist;
				LD_RUNPATH_SEARCH_PATHS = "$(inherited) @executable_path/Frameworks @loader_path/Frameworks";
				PRODUCT_BUNDLE_IDENTIFIER = "primer.-c-controlUITests";
				PRODUCT_NAME = "$(TARGET_NAME)";
				TEST_TARGET_NAME = 3c_control;
				USES_XCTRUNNER = YES;
			};
			name = Debug;
		};
		FF61E4681BC88D670000441C /* Release */ = {
			isa = XCBuildConfiguration;
			buildSettings = {
				INFOPLIST_FILE = 3c_controlUITests/Info.plist;
				LD_RUNPATH_SEARCH_PATHS = "$(inherited) @executable_path/Frameworks @loader_path/Frameworks";
				PRODUCT_BUNDLE_IDENTIFIER = "primer.-c-controlUITests";
				PRODUCT_NAME = "$(TARGET_NAME)";
				TEST_TARGET_NAME = 3c_control;
				USES_XCTRUNNER = YES;
			};
			name = Release;
		};
/* End XCBuildConfiguration section */

/* Begin XCConfigurationList section */
		FF61E4331BC88D670000441C /* Build configuration list for PBXProject "3c_control" */ = {
			isa = XCConfigurationList;
			buildConfigurations = (
				FF61E45E1BC88D670000441C /* Debug */,
				FF61E45F1BC88D670000441C /* Release */,
			);
			defaultConfigurationIsVisible = 0;
			defaultConfigurationName = Release;
		};
		FF61E4601BC88D670000441C /* Build configuration list for PBXNativeTarget "3c_control" */ = {
			isa = XCConfigurationList;
			buildConfigurations = (
				FF61E4611BC88D670000441C /* Debug */,
				FF61E4621BC88D670000441C /* Release */,
			);
			defaultConfigurationIsVisible = 0;
			defaultConfigurationName = Release;
		};
		FF61E4631BC88D670000441C /* Build configuration list for PBXNativeTarget "3c_controlTests" */ = {
			isa = XCConfigurationList;
			buildConfigurations = (
				FF61E4641BC88D670000441C /* Debug */,
				FF61E4651BC88D670000441C /* Release */,
			);
			defaultConfigurationIsVisible = 0;
			defaultConfigurationName = Release;
		};
		FF61E4661BC88D670000441C /* Build configuration list for PBXNativeTarget "3c_controlUITests" */ = {
			isa = XCConfigurationList;
			buildConfigurations = (
				FF61E4671BC88D670000441C /* Debug */,
				FF61E4681BC88D670000441C /* Release */,
			);
			defaultConfigurationIsVisible = 0;
			defaultConfigurationName = Release;
		};
/* End XCConfigurationList section */
	};
	rootObject = FF61E4301BC88D670000441C /* Project object */;
}
